// !$*UTF8*$!
{
	archiveVersion = 1;
	classes = {
	};
	objectVersion = 55;
	objects = {

/* Begin PBXBuildFile section */
		2153EB922734995E000F1830 /* OverviewViewController.swift in Sources */ = {isa = PBXBuildFile; fileRef = 2153EB912734995E000F1830 /* OverviewViewController.swift */; };
		2171C77527353AC2001CB1C2 /* VehicleSection.swift in Sources */ = {isa = PBXBuildFile; fileRef = 2171C77427353AC2001CB1C2 /* VehicleSection.swift */; };
		2171C777273543FD001CB1C2 /* UpcomingMaintenanceSection.swift in Sources */ = {isa = PBXBuildFile; fileRef = 2171C776273543FD001CB1C2 /* UpcomingMaintenanceSection.swift */; };
		217948FC275F6A5C0025FF3E /* CoreDataManager.swift in Sources */ = {isa = PBXBuildFile; fileRef = 217948FB275F6A5C0025FF3E /* CoreDataManager.swift */; };
		2179490B275F6F690025FF3E /* CarMaintenanceHistory+CoreDataProperties.swift in Sources */ = {isa = PBXBuildFile; fileRef = 21794907275F6F680025FF3E /* CarMaintenanceHistory+CoreDataProperties.swift */; };
		2179490C275F6F690025FF3E /* CarVehicle+CoreDataClass.swift in Sources */ = {isa = PBXBuildFile; fileRef = 2179490A275F6F690025FF3E /* CarVehicle+CoreDataClass.swift */; };
		2179490D275F6F690025FF3E /* CarVehicle+CoreDataProperties.swift in Sources */ = {isa = PBXBuildFile; fileRef = 21794908275F6F680025FF3E /* CarVehicle+CoreDataProperties.swift */; };
		2179490E275F6F690025FF3E /* CarMaintenanceHistory+CoreDataClass.swift in Sources */ = {isa = PBXBuildFile; fileRef = 21794909275F6F680025FF3E /* CarMaintenanceHistory+CoreDataClass.swift */; };
		217DD5EA2738EDC100570989 /* MaintenanceHistorySection.swift in Sources */ = {isa = PBXBuildFile; fileRef = 217DD5E92738EDC100570989 /* MaintenanceHistorySection.swift */; };
		2F2943516D4480F7198B7355 /* Pods_Haloto.framework in Frameworks */ = {isa = PBXBuildFile; fileRef = 23B1522FF9AE1571B3B5A470 /* Pods_Haloto.framework */; };
		3B09EC29273B9622001E1828 /* PickerBottomSheetViewController.swift in Sources */ = {isa = PBXBuildFile; fileRef = 3B09EC28273B9622001E1828 /* PickerBottomSheetViewController.swift */; };
		3B6922712735ACDF00847845 /* OneTimePasswordTextField.swift in Sources */ = {isa = PBXBuildFile; fileRef = 3B6922702735ACDF00847845 /* OneTimePasswordTextField.swift */; };
		3B860C132732E0E7007776BB /* FormField.swift in Sources */ = {isa = PBXBuildFile; fileRef = 3B860C122732E0E7007776BB /* FormField.swift */; };
		3B860C162732E9C8007776BB /* FormTextField.swift in Sources */ = {isa = PBXBuildFile; fileRef = 3B860C152732E9C8007776BB /* FormTextField.swift */; };
		3B860C192732F29C007776BB /* LoginButton.swift in Sources */ = {isa = PBXBuildFile; fileRef = 3B860C182732F29C007776BB /* LoginButton.swift */; };
		3BAC159627338E8800D52067 /* LoginViewModel.swift in Sources */ = {isa = PBXBuildFile; fileRef = 3BAC159527338E8800D52067 /* LoginViewModel.swift */; };
		3BAC15992733932E00D52067 /* OTPViewController.swift in Sources */ = {isa = PBXBuildFile; fileRef = 3BAC15982733932E00D52067 /* OTPViewController.swift */; };
		3BAC159B2733A54A00D52067 /* OTPViewModel.swift in Sources */ = {isa = PBXBuildFile; fileRef = 3BAC159A2733A54A00D52067 /* OTPViewModel.swift */; };
		3BB652262734FAFE0003E861 /* FormCard.swift in Sources */ = {isa = PBXBuildFile; fileRef = 3BB652252734FAFE0003E861 /* FormCard.swift */; };
		3BC41D36273A36920008C194 /* AddNewVehicleViewController.swift in Sources */ = {isa = PBXBuildFile; fileRef = 3BC41D35273A36920008C194 /* AddNewVehicleViewController.swift */; };
		3BC41D39273A37E70008C194 /* SelectFieldStack.swift in Sources */ = {isa = PBXBuildFile; fileRef = 3BC41D38273A37E70008C194 /* SelectFieldStack.swift */; };
		3BC41D3C273A89460008C194 /* SelectNode.swift in Sources */ = {isa = PBXBuildFile; fileRef = 3BC41D3B273A89460008C194 /* SelectNode.swift */; };
		3BC41D3E273A959D0008C194 /* FormFieldStack.swift in Sources */ = {isa = PBXBuildFile; fileRef = 3BC41D3D273A959D0008C194 /* FormFieldStack.swift */; };
		3BC41D40273A9A660008C194 /* EntryTextFieldNode.swift in Sources */ = {isa = PBXBuildFile; fileRef = 3BC41D3F273A9A660008C194 /* EntryTextFieldNode.swift */; };
		3BC41D42273AD2800008C194 /* ButtonFieldStack.swift in Sources */ = {isa = PBXBuildFile; fileRef = 3BC41D41273AD2800008C194 /* ButtonFieldStack.swift */; };
		3BFAED15273250D60024C8C2 /* LoginViewController.swift in Sources */ = {isa = PBXBuildFile; fileRef = 3BFAED14273250D60024C8C2 /* LoginViewController.swift */; };
		610BA26C275E721D00DA2D57 /* Haloto.xcdatamodeld in Sources */ = {isa = PBXBuildFile; fileRef = 610BA26A275E721D00DA2D57 /* Haloto.xcdatamodeld */; };
		611726DD2731598F00FC2445 /* HeaderListPopUpNode.swift in Sources */ = {isa = PBXBuildFile; fileRef = 611726DC2731598F00FC2445 /* HeaderListPopUpNode.swift */; };
		612292B3273A87FA004B3A6F /* TextFieldNode.swift in Sources */ = {isa = PBXBuildFile; fileRef = 612292B2273A87FA004B3A6F /* TextFieldNode.swift */; };
		612844652727E8C100D060AC /* Constant.swift in Sources */ = {isa = PBXBuildFile; fileRef = 612844642727E8C100D060AC /* Constant.swift */; };
		6128446B2727EA1700D060AC /* CommonHelper.swift in Sources */ = {isa = PBXBuildFile; fileRef = 6128446A2727EA1700D060AC /* CommonHelper.swift */; };
		6128446D2727EAAF00D060AC /* Extension+UIView.swift in Sources */ = {isa = PBXBuildFile; fileRef = 6128446C2727EAAF00D060AC /* Extension+UIView.swift */; };
		6128446F2727EB3D00D060AC /* Extension+String.swift in Sources */ = {isa = PBXBuildFile; fileRef = 6128446E2727EB3D00D060AC /* Extension+String.swift */; };
		612844712727EB6C00D060AC /* Extension+UIColor.swift in Sources */ = {isa = PBXBuildFile; fileRef = 612844702727EB6C00D060AC /* Extension+UIColor.swift */; };
		612844732727EB8C00D060AC /* Extension+ObservableType.swift in Sources */ = {isa = PBXBuildFile; fileRef = 612844722727EB8C00D060AC /* Extension+ObservableType.swift */; };
		612844782727EBF300D060AC /* Extension+Result.swift in Sources */ = {isa = PBXBuildFile; fileRef = 612844772727EBF300D060AC /* Extension+Result.swift */; };
		6128447A2727EC5300D060AC /* NetworkProvider.swift in Sources */ = {isa = PBXBuildFile; fileRef = 612844792727EC5300D060AC /* NetworkProvider.swift */; };
		6128447D2727EEBF00D060AC /* ExampleViewController.swift in Sources */ = {isa = PBXBuildFile; fileRef = 6128447C2727EEBF00D060AC /* ExampleViewController.swift */; };
		6128449E2727F89600D060AC /* Extension+UIViewController.swift in Sources */ = {isa = PBXBuildFile; fileRef = 6128449D2727F89600D060AC /* Extension+UIViewController.swift */; };
		6134E6A72732CFEF002E7526 /* Poppins-Bold.ttf in Resources */ = {isa = PBXBuildFile; fileRef = B7713BC82730E766007A3824 /* Poppins-Bold.ttf */; };
		6134E6A82732CFF1002E7526 /* Poppins-Regular.ttf in Resources */ = {isa = PBXBuildFile; fileRef = B7713BC92730E772007A3824 /* Poppins-Regular.ttf */; };
		6134E6AB2732D3FB002E7526 /* CellContentListPopUpNode.swift in Sources */ = {isa = PBXBuildFile; fileRef = 6134E6AA2732D3FB002E7526 /* CellContentListPopUpNode.swift */; };
		6134E6AF2732D420002E7526 /* CellSelectedListPopUpNode.swift in Sources */ = {isa = PBXBuildFile; fileRef = 6134E6AE2732D420002E7526 /* CellSelectedListPopUpNode.swift */; };
		6134E6B12733067F002E7526 /* Extension+CGFloat.swift in Sources */ = {isa = PBXBuildFile; fileRef = 6134E6B02733067F002E7526 /* Extension+CGFloat.swift */; };
		613AD74C273D3F2B0024C75E /* ModelDummy.swift in Sources */ = {isa = PBXBuildFile; fileRef = 613AD74B273D3F2B0024C75E /* ModelDummy.swift */; };
		615CDCC227351C8500967A40 /* ButtonDeleteFilterMaintenanceNode.swift in Sources */ = {isa = PBXBuildFile; fileRef = 615CDCC027351C1000967A40 /* ButtonDeleteFilterMaintenanceNode.swift */; };
		6163AC4927381AC700E7756E /* UserPaymentReviewViewController.swift in Sources */ = {isa = PBXBuildFile; fileRef = 6163AC4727381AC700E7756E /* UserPaymentReviewViewController.swift */; };
		6163AC4D27381CE500E7756E /* PaymentTimerNode.swift in Sources */ = {isa = PBXBuildFile; fileRef = 6163AC4C27381CE500E7756E /* PaymentTimerNode.swift */; };
		6163AC5027381D5A00E7756E /* Extension+Double.swift in Sources */ = {isa = PBXBuildFile; fileRef = 6163AC4F27381D5A00E7756E /* Extension+Double.swift */; };
		6163AC522738212600E7756E /* PriceDetailsNode.swift in Sources */ = {isa = PBXBuildFile; fileRef = 6163AC512738212600E7756E /* PriceDetailsNode.swift */; };
		6163AC5427382B1200E7756E /* PaymentMethodNode.swift in Sources */ = {isa = PBXBuildFile; fileRef = 6163AC5327382B1200E7756E /* PaymentMethodNode.swift */; };
		6163AC56273834A100E7756E /* PaymentTotalNode.swift in Sources */ = {isa = PBXBuildFile; fileRef = 6163AC55273834A100E7756E /* PaymentTotalNode.swift */; };
		6172733B27312EB900DF8F5E /* ListPopupViewController.swift in Sources */ = {isa = PBXBuildFile; fileRef = 6172733A27312EB900DF8F5E /* ListPopupViewController.swift */; };
		617F6ED72732726E002EBD85 /* Model.swift in Sources */ = {isa = PBXBuildFile; fileRef = 617F6ED62732726E002EBD85 /* Model.swift */; };
		618546C42734DC9300675BB0 /* FilterMaintenanceCell.swift in Sources */ = {isa = PBXBuildFile; fileRef = 618546C12734DC9300675BB0 /* FilterMaintenanceCell.swift */; };
		618546D02734DCA100675BB0 /* MaintenanceHistoryCell.swift in Sources */ = {isa = PBXBuildFile; fileRef = 618546C82734DCA100675BB0 /* MaintenanceHistoryCell.swift */; };
		618546D12734DCA100675BB0 /* MaintenanceHistoryDescription.swift in Sources */ = {isa = PBXBuildFile; fileRef = 618546CA2734DCA100675BB0 /* MaintenanceHistoryDescription.swift */; };
		618546D32734DCA100675BB0 /* UpcomingMaintenanceDescription.swift in Sources */ = {isa = PBXBuildFile; fileRef = 618546CE2734DCA100675BB0 /* UpcomingMaintenanceDescription.swift */; };
		618546D42734DCA100675BB0 /* UpcomingMaintenanceCell.swift in Sources */ = {isa = PBXBuildFile; fileRef = 618546CF2734DCA100675BB0 /* UpcomingMaintenanceCell.swift */; };
		618802EB2727C5F3003F4C6F /* AppDelegate.swift in Sources */ = {isa = PBXBuildFile; fileRef = 618802EA2727C5F3003F4C6F /* AppDelegate.swift */; };
		618802ED2727C5F3003F4C6F /* SceneDelegate.swift in Sources */ = {isa = PBXBuildFile; fileRef = 618802EC2727C5F3003F4C6F /* SceneDelegate.swift */; };
		618802F42727C5F4003F4C6F /* Assets.xcassets in Resources */ = {isa = PBXBuildFile; fileRef = 618802F32727C5F4003F4C6F /* Assets.xcassets */; };
		618802F72727C5F4003F4C6F /* LaunchScreen.storyboard in Resources */ = {isa = PBXBuildFile; fileRef = 618802F52727C5F4003F4C6F /* LaunchScreen.storyboard */; };
		6198AB242735B3390037A7FD /* ReusableConsultPopUpViewController.swift in Sources */ = {isa = PBXBuildFile; fileRef = 6198AB222735B3390037A7FD /* ReusableConsultPopUpViewController.swift */; };
		6198AB2B2735D77D0037A7FD /* ContentConsultPopupNode.swift in Sources */ = {isa = PBXBuildFile; fileRef = 6198AB2A2735D77D0037A7FD /* ContentConsultPopupNode.swift */; };
		61AD04E2273B8D860017CBCF /* GoogleService-Info.plist in Resources */ = {isa = PBXBuildFile; fileRef = 61AD04E1273B8D860017CBCF /* GoogleService-Info.plist */; };
		61B7EBB72739A0A20032AED8 /* Extension+UITabBarController.swift in Sources */ = {isa = PBXBuildFile; fileRef = 61B7EBB62739A0A20032AED8 /* Extension+UITabBarController.swift */; };
		61C679E8272F9D21003AFE3F /* TabBarBaseController.swift in Sources */ = {isa = PBXBuildFile; fileRef = 61C679E7272F9D21003AFE3F /* TabBarBaseController.swift */; };
		61C679EA272F9D2F003AFE3F /* TabNavigationMenu.swift in Sources */ = {isa = PBXBuildFile; fileRef = 61C679E9272F9D2F003AFE3F /* TabNavigationMenu.swift */; };
		61C679EC272F9D3A003AFE3F /* TabItem.swift in Sources */ = {isa = PBXBuildFile; fileRef = 61C679EB272F9D3A003AFE3F /* TabItem.swift */; };
		61C679EF272FAC4F003AFE3F /* Enum.swift in Sources */ = {isa = PBXBuildFile; fileRef = 61C679EE272FAC4F003AFE3F /* Enum.swift */; };
		61D6A43D2738E6D1003A9ADD /* PaymentReviewHeader.swift in Sources */ = {isa = PBXBuildFile; fileRef = 61D6A43C2738E6D1003A9ADD /* PaymentReviewHeader.swift */; };
		61F8ACCF272D547E00B24015 /* ImagePickerHelper.swift in Sources */ = {isa = PBXBuildFile; fileRef = 61F8ACCE272D547E00B24015 /* ImagePickerHelper.swift */; };
		9EF6236B929EE41336D3EF62 /* Pods_Haloto.framework in Frameworks */ = {isa = PBXBuildFile; fileRef = BD822C9EE32CE1A38C111D4F /* Pods_Haloto.framework */; };
		B713FD30273A515200C83110 /* UpcomingMaintenanceComponentCell.swift in Sources */ = {isa = PBXBuildFile; fileRef = B713FD2F273A515100C83110 /* UpcomingMaintenanceComponentCell.swift */; };
		B73C544F2741597900C73ABA /* SignUpViewController.swift in Sources */ = {isa = PBXBuildFile; fileRef = B73C544E2741597900C73ABA /* SignUpViewController.swift */; };
		B74EE7BA27391A16002ED5A5 /* YourCarPanModal.swift in Sources */ = {isa = PBXBuildFile; fileRef = B74EE7B927391A16002ED5A5 /* YourCarPanModal.swift */; };
		B74EE7BD2739953E002ED5A5 /* UpcomingMaintenancePanModal.swift in Sources */ = {isa = PBXBuildFile; fileRef = B74EE7BC2739953E002ED5A5 /* UpcomingMaintenancePanModal.swift */; };
		B7561F69273FE292005CAE51 /* OverviewViewModel.swift in Sources */ = {isa = PBXBuildFile; fileRef = B7561F68273FE292005CAE51 /* OverviewViewModel.swift */; };
		B7561F6D2740D333005CAE51 /* SignUpViewModel.swift in Sources */ = {isa = PBXBuildFile; fileRef = B7561F6C2740D333005CAE51 /* SignUpViewModel.swift */; };
		B7561F7027410724005CAE51 /* UserSignUp.swift in Sources */ = {isa = PBXBuildFile; fileRef = B7561F6F27410724005CAE51 /* UserSignUp.swift */; };
		B7561F72274107EF005CAE51 /* UserTarget.swift in Sources */ = {isa = PBXBuildFile; fileRef = B7561F71274107EF005CAE51 /* UserTarget.swift */; };
		B7561F7527410E3C005CAE51 /* SignUpUseCase.swift in Sources */ = {isa = PBXBuildFile; fileRef = B7561F7427410E3C005CAE51 /* SignUpUseCase.swift */; };
		B7637F70273F8DC1001AD75F /* UserProfileViewModel.swift in Sources */ = {isa = PBXBuildFile; fileRef = B7637F6F273F8DC1001AD75F /* UserProfileViewModel.swift */; };
		B764982D27350B45003A90C2 /* EditProfileController.swift in Sources */ = {isa = PBXBuildFile; fileRef = B764982C27350B45003A90C2 /* EditProfileController.swift */; };
		B764982F27350BE9003A90C2 /* EditProfilePictureNode.swift in Sources */ = {isa = PBXBuildFile; fileRef = B764982E27350BE9003A90C2 /* EditProfilePictureNode.swift */; };
		B7713BC727306A70007A3824 /* ReusableSmallButtonNode.swift in Sources */ = {isa = PBXBuildFile; fileRef = B7713BC627306A70007A3824 /* ReusableSmallButtonNode.swift */; };
		B7713BD027319358007A3824 /* ReusableVehicleCell.swift in Sources */ = {isa = PBXBuildFile; fileRef = B7713BCF27319358007A3824 /* ReusableVehicleCell.swift */; };
		B7713BD32731944B007A3824 /* VehicleDescriptionNode.swift in Sources */ = {isa = PBXBuildFile; fileRef = B7713BD22731944B007A3824 /* VehicleDescriptionNode.swift */; };
		B7713BD52731A317007A3824 /* VehicleImageNode.swift in Sources */ = {isa = PBXBuildFile; fileRef = B7713BD42731A317007A3824 /* VehicleImageNode.swift */; };
		B7713BD7273234F2007A3824 /* AddNewVehicleCellNode.swift in Sources */ = {isa = PBXBuildFile; fileRef = B7713BD6273234F2007A3824 /* AddNewVehicleCellNode.swift */; };
		B7A663C8273CBF1600286E53 /* FilterWorkshopViewController.swift in Sources */ = {isa = PBXBuildFile; fileRef = B7A663C7273CBF1600286E53 /* FilterWorkshopViewController.swift */; };
		B7A663CB273CC46300286E53 /* FilterNode.swift in Sources */ = {isa = PBXBuildFile; fileRef = B7A663CA273CC46300286E53 /* FilterNode.swift */; };
		B7D7ED4D273045D400960699 /* Colors.xcassets in Resources */ = {isa = PBXBuildFile; fileRef = B7D7ED4C273045D400960699 /* Colors.xcassets */; };
		B7D7ED66273050D300960699 /* Poppins-Medium.ttf in Resources */ = {isa = PBXBuildFile; fileRef = B7D7ED54273050BF00960699 /* Poppins-Medium.ttf */; };
		B7DD6DC627338FCE007F087B /* UserProfileViewController.swift in Sources */ = {isa = PBXBuildFile; fileRef = B7DD6DC527338FCE007F087B /* UserProfileViewController.swift */; };
		B7DD6DC927339585007F087B /* ProfileInfoNode.swift in Sources */ = {isa = PBXBuildFile; fileRef = B7DD6DC827339585007F087B /* ProfileInfoNode.swift */; };
		B7DD6DCF27339C82007F087B /* Extension+UIImage.swift in Sources */ = {isa = PBXBuildFile; fileRef = B7DD6DCE27339C82007F087B /* Extension+UIImage.swift */; };
		B7DD6DF42733D8F0007F087B /* ProfileBackgroundCard.swift in Sources */ = {isa = PBXBuildFile; fileRef = B7DD6DF32733D8F0007F087B /* ProfileBackgroundCard.swift */; };
		B7DD6DF6273435DA007F087B /* ProfileFinalNode.swift in Sources */ = {isa = PBXBuildFile; fileRef = B7DD6DF5273435DA007F087B /* ProfileFinalNode.swift */; };
		F20227462734F0E600AF2AF3 /* WorkshopConsultationCard.swift in Sources */ = {isa = PBXBuildFile; fileRef = F20227452734F0E600AF2AF3 /* WorkshopConsultationCard.swift */; };
		F20227482734F12A00AF2AF3 /* WorkshopConsultationMainNode.swift in Sources */ = {isa = PBXBuildFile; fileRef = F20227472734F12A00AF2AF3 /* WorkshopConsultationMainNode.swift */; };
		F202274A2734FDEF00AF2AF3 /* Extension+CAGradientLayer.swift in Sources */ = {isa = PBXBuildFile; fileRef = F20227492734FDEF00AF2AF3 /* Extension+CAGradientLayer.swift */; };
		F202274C273520B100AF2AF3 /* ChipCellNode.swift in Sources */ = {isa = PBXBuildFile; fileRef = F202274B273520B100AF2AF3 /* ChipCellNode.swift */; };
		F202274F273539E600AF2AF3 /* ConsultViewController.swift in Sources */ = {isa = PBXBuildFile; fileRef = F202274E273539E600AF2AF3 /* ConsultViewController.swift */; };
		F20227522735455700AF2AF3 /* ConsultViewHeader.swift in Sources */ = {isa = PBXBuildFile; fileRef = F20227512735455700AF2AF3 /* ConsultViewHeader.swift */; };
		F20227542735526500AF2AF3 /* WorkshopConsultationMainCell.swift in Sources */ = {isa = PBXBuildFile; fileRef = F20227532735526500AF2AF3 /* WorkshopConsultationMainCell.swift */; };
		F20227562738FCB100AF2AF3 /* ConsultRatingNode.swift in Sources */ = {isa = PBXBuildFile; fileRef = F20227552738FCB000AF2AF3 /* ConsultRatingNode.swift */; };
		F2022759273915B200AF2AF3 /* StarNode.swift in Sources */ = {isa = PBXBuildFile; fileRef = F2022758273915B200AF2AF3 /* StarNode.swift */; };
		F202275C273976A100AF2AF3 /* ViewWrapperNode.swift in Sources */ = {isa = PBXBuildFile; fileRef = F202275B273976A100AF2AF3 /* ViewWrapperNode.swift */; };
		F202275F273A22DB00AF2AF3 /* BottomSheetViewController.swift in Sources */ = {isa = PBXBuildFile; fileRef = F202275E273A22DB00AF2AF3 /* BottomSheetViewController.swift */; };
		F2022761273A24CB00AF2AF3 /* BottomSheetPresentationAnimator.swift in Sources */ = {isa = PBXBuildFile; fileRef = F2022760273A24CB00AF2AF3 /* BottomSheetPresentationAnimator.swift */; };
		F2022763273A24FF00AF2AF3 /* BottomSheetPresentController.swift in Sources */ = {isa = PBXBuildFile; fileRef = F2022762273A24FF00AF2AF3 /* BottomSheetPresentController.swift */; };
		F2022765273A253700AF2AF3 /* BottomSheetTransitionDelegate.swift in Sources */ = {isa = PBXBuildFile; fileRef = F2022764273A253700AF2AF3 /* BottomSheetTransitionDelegate.swift */; };
		F2022767273A256800AF2AF3 /* BottomSheetViewController+Rx.swift in Sources */ = {isa = PBXBuildFile; fileRef = F2022766273A256800AF2AF3 /* BottomSheetViewController+Rx.swift */; };
		F2022769273A259900AF2AF3 /* UIApplication+BottomSheet.swift in Sources */ = {isa = PBXBuildFile; fileRef = F2022768273A259900AF2AF3 /* UIApplication+BottomSheet.swift */; };
		F202276B273A26C000AF2AF3 /* UIScreen+TransitionSize.swift in Sources */ = {isa = PBXBuildFile; fileRef = F202276A273A26C000AF2AF3 /* UIScreen+TransitionSize.swift */; };
		F202276D273A278D00AF2AF3 /* Extension+Rx.swift in Sources */ = {isa = PBXBuildFile; fileRef = F202276C273A278D00AF2AF3 /* Extension+Rx.swift */; };
		F202276F273A288200AF2AF3 /* ScrollTracker.swift in Sources */ = {isa = PBXBuildFile; fileRef = F202276E273A288200AF2AF3 /* ScrollTracker.swift */; };
		F2022771273A292300AF2AF3 /* Extension+UINavbar.swift in Sources */ = {isa = PBXBuildFile; fileRef = F2022770273A292300AF2AF3 /* Extension+UINavbar.swift */; };
		F2022773273A2C8100AF2AF3 /* Motion.swift in Sources */ = {isa = PBXBuildFile; fileRef = F2022772273A2C8100AF2AF3 /* Motion.swift */; };
		F2022775273A2CE500AF2AF3 /* Extension+CALayer.swift in Sources */ = {isa = PBXBuildFile; fileRef = F2022774273A2CE500AF2AF3 /* Extension+CALayer.swift */; };
		F2022777273A2E1100AF2AF3 /* RxSwizzlingInterpose.swift in Sources */ = {isa = PBXBuildFile; fileRef = F2022776273A2E1100AF2AF3 /* RxSwizzlingInterpose.swift */; };
		F2532CD82734E31F00C34AEF /* ChipNode.swift in Sources */ = {isa = PBXBuildFile; fileRef = F2532CD72734E31F00C34AEF /* ChipNode.swift */; };
		F273EF93273CC51D004721B1 /* LoginUseCase.swift in Sources */ = {isa = PBXBuildFile; fileRef = F273EF92273CC51D004721B1 /* LoginUseCase.swift */; };
		F27844B0274124E100C8EDE2 /* SignInResponse.swift in Sources */ = {isa = PBXBuildFile; fileRef = F27844AF274124E100C8EDE2 /* SignInResponse.swift */; };
		F27844B5274134F800C8EDE2 /* NetworkError.swift in Sources */ = {isa = PBXBuildFile; fileRef = F27844B4274134F800C8EDE2 /* NetworkError.swift */; };
		F27844B82741359400C8EDE2 /* DefaultManager.swift in Sources */ = {isa = PBXBuildFile; fileRef = F27844B72741359400C8EDE2 /* DefaultManager.swift */; };
		F28F6D052732437300261BA1 /* Extension+NSAttributedString.swift in Sources */ = {isa = PBXBuildFile; fileRef = F28F6D042732437300261BA1 /* Extension+NSAttributedString.swift */; };
		F2F5FF7D2732D9FC00E4643C /* Poppins-Regular.ttf in Resources */ = {isa = PBXBuildFile; fileRef = B7713BC92730E772007A3824 /* Poppins-Regular.ttf */; };
		F2F5FF7E2732DA0000E4643C /* Poppins-Bold.ttf in Resources */ = {isa = PBXBuildFile; fileRef = B7713BC82730E766007A3824 /* Poppins-Bold.ttf */; };
		F2F5FF83273378FF00E4643C /* StickyChatNode.swift in Sources */ = {isa = PBXBuildFile; fileRef = F2F5FF82273378FF00E4643C /* StickyChatNode.swift */; };
/* End PBXBuildFile section */

/* Begin PBXFileReference section */
		2153EB912734995E000F1830 /* OverviewViewController.swift */ = {isa = PBXFileReference; lastKnownFileType = sourcecode.swift; path = OverviewViewController.swift; sourceTree = "<group>"; };
		2171C77427353AC2001CB1C2 /* VehicleSection.swift */ = {isa = PBXFileReference; lastKnownFileType = sourcecode.swift; path = VehicleSection.swift; sourceTree = "<group>"; };
		2171C776273543FD001CB1C2 /* UpcomingMaintenanceSection.swift */ = {isa = PBXFileReference; lastKnownFileType = sourcecode.swift; path = UpcomingMaintenanceSection.swift; sourceTree = "<group>"; };
		217948FB275F6A5C0025FF3E /* CoreDataManager.swift */ = {isa = PBXFileReference; lastKnownFileType = sourcecode.swift; path = CoreDataManager.swift; sourceTree = "<group>"; };
		21794907275F6F680025FF3E /* CarMaintenanceHistory+CoreDataProperties.swift */ = {isa = PBXFileReference; lastKnownFileType = sourcecode.swift; name = "CarMaintenanceHistory+CoreDataProperties.swift"; path = "/Users/dheogildasvarian/Documents/Macro/haloto/Haloto/Vendor/Core Data/CarMaintenanceHistory+CoreDataProperties.swift"; sourceTree = "<absolute>"; };
		21794908275F6F680025FF3E /* CarVehicle+CoreDataProperties.swift */ = {isa = PBXFileReference; lastKnownFileType = sourcecode.swift; name = "CarVehicle+CoreDataProperties.swift"; path = "/Users/dheogildasvarian/Documents/Macro/haloto/Haloto/Vendor/Core Data/CarVehicle+CoreDataProperties.swift"; sourceTree = "<absolute>"; };
		21794909275F6F680025FF3E /* CarMaintenanceHistory+CoreDataClass.swift */ = {isa = PBXFileReference; lastKnownFileType = sourcecode.swift; name = "CarMaintenanceHistory+CoreDataClass.swift"; path = "/Users/dheogildasvarian/Documents/Macro/haloto/Haloto/Vendor/Core Data/CarMaintenanceHistory+CoreDataClass.swift"; sourceTree = "<absolute>"; };
		2179490A275F6F690025FF3E /* CarVehicle+CoreDataClass.swift */ = {isa = PBXFileReference; lastKnownFileType = sourcecode.swift; name = "CarVehicle+CoreDataClass.swift"; path = "/Users/dheogildasvarian/Documents/Macro/haloto/Haloto/Vendor/Core Data/CarVehicle+CoreDataClass.swift"; sourceTree = "<absolute>"; };
		217DD5E92738EDC100570989 /* MaintenanceHistorySection.swift */ = {isa = PBXFileReference; lastKnownFileType = sourcecode.swift; path = MaintenanceHistorySection.swift; sourceTree = "<group>"; };
		23B1522FF9AE1571B3B5A470 /* Pods_Haloto.framework */ = {isa = PBXFileReference; explicitFileType = wrapper.framework; includeInIndex = 0; path = Pods_Haloto.framework; sourceTree = BUILT_PRODUCTS_DIR; };
		3240DF906EE1C6F71C485CA6 /* Pods-Haloto.release.xcconfig */ = {isa = PBXFileReference; includeInIndex = 1; lastKnownFileType = text.xcconfig; name = "Pods-Haloto.release.xcconfig"; path = "Target Support Files/Pods-Haloto/Pods-Haloto.release.xcconfig"; sourceTree = "<group>"; };
		3B09EC28273B9622001E1828 /* PickerBottomSheetViewController.swift */ = {isa = PBXFileReference; lastKnownFileType = sourcecode.swift; path = PickerBottomSheetViewController.swift; sourceTree = "<group>"; };
		3B6922702735ACDF00847845 /* OneTimePasswordTextField.swift */ = {isa = PBXFileReference; lastKnownFileType = sourcecode.swift; path = OneTimePasswordTextField.swift; sourceTree = "<group>"; };
		3B860C122732E0E7007776BB /* FormField.swift */ = {isa = PBXFileReference; lastKnownFileType = sourcecode.swift; path = FormField.swift; sourceTree = "<group>"; };
		3B860C152732E9C8007776BB /* FormTextField.swift */ = {isa = PBXFileReference; lastKnownFileType = sourcecode.swift; path = FormTextField.swift; sourceTree = "<group>"; };
		3B860C182732F29C007776BB /* LoginButton.swift */ = {isa = PBXFileReference; lastKnownFileType = sourcecode.swift; path = LoginButton.swift; sourceTree = "<group>"; };
		3BAC159527338E8800D52067 /* LoginViewModel.swift */ = {isa = PBXFileReference; lastKnownFileType = sourcecode.swift; path = LoginViewModel.swift; sourceTree = "<group>"; };
		3BAC15982733932E00D52067 /* OTPViewController.swift */ = {isa = PBXFileReference; lastKnownFileType = sourcecode.swift; path = OTPViewController.swift; sourceTree = "<group>"; };
		3BAC159A2733A54A00D52067 /* OTPViewModel.swift */ = {isa = PBXFileReference; lastKnownFileType = sourcecode.swift; path = OTPViewModel.swift; sourceTree = "<group>"; };
		3BB652252734FAFE0003E861 /* FormCard.swift */ = {isa = PBXFileReference; lastKnownFileType = sourcecode.swift; path = FormCard.swift; sourceTree = "<group>"; };
		3BC41D35273A36920008C194 /* AddNewVehicleViewController.swift */ = {isa = PBXFileReference; lastKnownFileType = sourcecode.swift; path = AddNewVehicleViewController.swift; sourceTree = "<group>"; };
		3BC41D38273A37E70008C194 /* SelectFieldStack.swift */ = {isa = PBXFileReference; lastKnownFileType = sourcecode.swift; path = SelectFieldStack.swift; sourceTree = "<group>"; };
		3BC41D3B273A89460008C194 /* SelectNode.swift */ = {isa = PBXFileReference; lastKnownFileType = sourcecode.swift; path = SelectNode.swift; sourceTree = "<group>"; };
		3BC41D3D273A959D0008C194 /* FormFieldStack.swift */ = {isa = PBXFileReference; lastKnownFileType = sourcecode.swift; path = FormFieldStack.swift; sourceTree = "<group>"; };
		3BC41D3F273A9A660008C194 /* EntryTextFieldNode.swift */ = {isa = PBXFileReference; lastKnownFileType = sourcecode.swift; path = EntryTextFieldNode.swift; sourceTree = "<group>"; };
		3BC41D41273AD2800008C194 /* ButtonFieldStack.swift */ = {isa = PBXFileReference; lastKnownFileType = sourcecode.swift; path = ButtonFieldStack.swift; sourceTree = "<group>"; };
		3BFAED14273250D60024C8C2 /* LoginViewController.swift */ = {isa = PBXFileReference; lastKnownFileType = sourcecode.swift; path = LoginViewController.swift; sourceTree = "<group>"; };
		45189E7BD3538C5FCF736331 /* Pods-Haloto.debug.xcconfig */ = {isa = PBXFileReference; includeInIndex = 1; lastKnownFileType = text.xcconfig; name = "Pods-Haloto.debug.xcconfig"; path = "Target Support Files/Pods-Haloto/Pods-Haloto.debug.xcconfig"; sourceTree = "<group>"; };
		610BA26B275E721D00DA2D57 /* Haloto.xcdatamodel */ = {isa = PBXFileReference; lastKnownFileType = wrapper.xcdatamodel; path = Haloto.xcdatamodel; sourceTree = "<group>"; };
		611726DC2731598F00FC2445 /* HeaderListPopUpNode.swift */ = {isa = PBXFileReference; lastKnownFileType = sourcecode.swift; path = HeaderListPopUpNode.swift; sourceTree = "<group>"; };
		612292B2273A87FA004B3A6F /* TextFieldNode.swift */ = {isa = PBXFileReference; lastKnownFileType = sourcecode.swift; path = TextFieldNode.swift; sourceTree = "<group>"; };
		612844642727E8C100D060AC /* Constant.swift */ = {isa = PBXFileReference; lastKnownFileType = sourcecode.swift; path = Constant.swift; sourceTree = "<group>"; };
		6128446A2727EA1700D060AC /* CommonHelper.swift */ = {isa = PBXFileReference; lastKnownFileType = sourcecode.swift; path = CommonHelper.swift; sourceTree = "<group>"; };
		6128446C2727EAAF00D060AC /* Extension+UIView.swift */ = {isa = PBXFileReference; lastKnownFileType = sourcecode.swift; path = "Extension+UIView.swift"; sourceTree = "<group>"; };
		6128446E2727EB3D00D060AC /* Extension+String.swift */ = {isa = PBXFileReference; lastKnownFileType = sourcecode.swift; path = "Extension+String.swift"; sourceTree = "<group>"; };
		612844702727EB6C00D060AC /* Extension+UIColor.swift */ = {isa = PBXFileReference; lastKnownFileType = sourcecode.swift; path = "Extension+UIColor.swift"; sourceTree = "<group>"; };
		612844722727EB8C00D060AC /* Extension+ObservableType.swift */ = {isa = PBXFileReference; lastKnownFileType = sourcecode.swift; path = "Extension+ObservableType.swift"; sourceTree = "<group>"; };
		612844772727EBF300D060AC /* Extension+Result.swift */ = {isa = PBXFileReference; lastKnownFileType = sourcecode.swift; path = "Extension+Result.swift"; sourceTree = "<group>"; };
		612844792727EC5300D060AC /* NetworkProvider.swift */ = {isa = PBXFileReference; lastKnownFileType = sourcecode.swift; path = NetworkProvider.swift; sourceTree = "<group>"; };
		6128447C2727EEBF00D060AC /* ExampleViewController.swift */ = {isa = PBXFileReference; lastKnownFileType = sourcecode.swift; path = ExampleViewController.swift; sourceTree = "<group>"; };
		6128449D2727F89600D060AC /* Extension+UIViewController.swift */ = {isa = PBXFileReference; lastKnownFileType = sourcecode.swift; path = "Extension+UIViewController.swift"; sourceTree = "<group>"; };
		6134E6AA2732D3FB002E7526 /* CellContentListPopUpNode.swift */ = {isa = PBXFileReference; lastKnownFileType = sourcecode.swift; path = CellContentListPopUpNode.swift; sourceTree = "<group>"; };
		6134E6AE2732D420002E7526 /* CellSelectedListPopUpNode.swift */ = {isa = PBXFileReference; lastKnownFileType = sourcecode.swift; path = CellSelectedListPopUpNode.swift; sourceTree = "<group>"; };
		6134E6B02733067F002E7526 /* Extension+CGFloat.swift */ = {isa = PBXFileReference; lastKnownFileType = sourcecode.swift; path = "Extension+CGFloat.swift"; sourceTree = "<group>"; };
		613AD74B273D3F2B0024C75E /* ModelDummy.swift */ = {isa = PBXFileReference; lastKnownFileType = sourcecode.swift; path = ModelDummy.swift; sourceTree = "<group>"; };
		615CDCC027351C1000967A40 /* ButtonDeleteFilterMaintenanceNode.swift */ = {isa = PBXFileReference; lastKnownFileType = sourcecode.swift; path = ButtonDeleteFilterMaintenanceNode.swift; sourceTree = "<group>"; };
		6163AC4727381AC700E7756E /* UserPaymentReviewViewController.swift */ = {isa = PBXFileReference; lastKnownFileType = sourcecode.swift; path = UserPaymentReviewViewController.swift; sourceTree = "<group>"; };
		6163AC4C27381CE500E7756E /* PaymentTimerNode.swift */ = {isa = PBXFileReference; lastKnownFileType = sourcecode.swift; path = PaymentTimerNode.swift; sourceTree = "<group>"; };
		6163AC4F27381D5A00E7756E /* Extension+Double.swift */ = {isa = PBXFileReference; lastKnownFileType = sourcecode.swift; path = "Extension+Double.swift"; sourceTree = "<group>"; };
		6163AC512738212600E7756E /* PriceDetailsNode.swift */ = {isa = PBXFileReference; lastKnownFileType = sourcecode.swift; path = PriceDetailsNode.swift; sourceTree = "<group>"; };
		6163AC5327382B1200E7756E /* PaymentMethodNode.swift */ = {isa = PBXFileReference; lastKnownFileType = sourcecode.swift; path = PaymentMethodNode.swift; sourceTree = "<group>"; };
		6163AC55273834A100E7756E /* PaymentTotalNode.swift */ = {isa = PBXFileReference; lastKnownFileType = sourcecode.swift; path = PaymentTotalNode.swift; sourceTree = "<group>"; };
		6172733A27312EB900DF8F5E /* ListPopupViewController.swift */ = {isa = PBXFileReference; lastKnownFileType = sourcecode.swift; path = ListPopupViewController.swift; sourceTree = "<group>"; };
		617F6ED62732726E002EBD85 /* Model.swift */ = {isa = PBXFileReference; lastKnownFileType = sourcecode.swift; path = Model.swift; sourceTree = "<group>"; };
		618546C12734DC9300675BB0 /* FilterMaintenanceCell.swift */ = {isa = PBXFileReference; fileEncoding = 4; lastKnownFileType = sourcecode.swift; path = FilterMaintenanceCell.swift; sourceTree = "<group>"; };
		618546C82734DCA100675BB0 /* MaintenanceHistoryCell.swift */ = {isa = PBXFileReference; fileEncoding = 4; lastKnownFileType = sourcecode.swift; path = MaintenanceHistoryCell.swift; sourceTree = "<group>"; };
		618546CA2734DCA100675BB0 /* MaintenanceHistoryDescription.swift */ = {isa = PBXFileReference; fileEncoding = 4; lastKnownFileType = sourcecode.swift; path = MaintenanceHistoryDescription.swift; sourceTree = "<group>"; };
		618546CE2734DCA100675BB0 /* UpcomingMaintenanceDescription.swift */ = {isa = PBXFileReference; fileEncoding = 4; lastKnownFileType = sourcecode.swift; path = UpcomingMaintenanceDescription.swift; sourceTree = "<group>"; };
		618546CF2734DCA100675BB0 /* UpcomingMaintenanceCell.swift */ = {isa = PBXFileReference; fileEncoding = 4; lastKnownFileType = sourcecode.swift; path = UpcomingMaintenanceCell.swift; sourceTree = "<group>"; };
		618802E72727C5F3003F4C6F /* Haloto.app */ = {isa = PBXFileReference; explicitFileType = wrapper.application; includeInIndex = 0; path = Haloto.app; sourceTree = BUILT_PRODUCTS_DIR; };
		618802EA2727C5F3003F4C6F /* AppDelegate.swift */ = {isa = PBXFileReference; lastKnownFileType = sourcecode.swift; path = AppDelegate.swift; sourceTree = "<group>"; };
		618802EC2727C5F3003F4C6F /* SceneDelegate.swift */ = {isa = PBXFileReference; lastKnownFileType = sourcecode.swift; path = SceneDelegate.swift; sourceTree = "<group>"; };
		618802F32727C5F4003F4C6F /* Assets.xcassets */ = {isa = PBXFileReference; lastKnownFileType = folder.assetcatalog; path = Assets.xcassets; sourceTree = "<group>"; };
		618802F62727C5F4003F4C6F /* Base */ = {isa = PBXFileReference; lastKnownFileType = file.storyboard; name = Base; path = Base.lproj/LaunchScreen.storyboard; sourceTree = "<group>"; };
		618802F82727C5F4003F4C6F /* Info.plist */ = {isa = PBXFileReference; lastKnownFileType = text.plist.xml; path = Info.plist; sourceTree = "<group>"; };
		6198AB222735B3390037A7FD /* ReusableConsultPopUpViewController.swift */ = {isa = PBXFileReference; lastKnownFileType = sourcecode.swift; path = ReusableConsultPopUpViewController.swift; sourceTree = "<group>"; };
		6198AB2A2735D77D0037A7FD /* ContentConsultPopupNode.swift */ = {isa = PBXFileReference; lastKnownFileType = sourcecode.swift; path = ContentConsultPopupNode.swift; sourceTree = "<group>"; };
		61AD04E1273B8D860017CBCF /* GoogleService-Info.plist */ = {isa = PBXFileReference; fileEncoding = 4; lastKnownFileType = text.plist.xml; path = "GoogleService-Info.plist"; sourceTree = "<group>"; };
		61B7EBB62739A0A20032AED8 /* Extension+UITabBarController.swift */ = {isa = PBXFileReference; lastKnownFileType = sourcecode.swift; path = "Extension+UITabBarController.swift"; sourceTree = "<group>"; };
		61C679E7272F9D21003AFE3F /* TabBarBaseController.swift */ = {isa = PBXFileReference; lastKnownFileType = sourcecode.swift; path = TabBarBaseController.swift; sourceTree = "<group>"; };
		61C679E9272F9D2F003AFE3F /* TabNavigationMenu.swift */ = {isa = PBXFileReference; lastKnownFileType = sourcecode.swift; path = TabNavigationMenu.swift; sourceTree = "<group>"; };
		61C679EB272F9D3A003AFE3F /* TabItem.swift */ = {isa = PBXFileReference; lastKnownFileType = sourcecode.swift; path = TabItem.swift; sourceTree = "<group>"; };
		61C679EE272FAC4F003AFE3F /* Enum.swift */ = {isa = PBXFileReference; lastKnownFileType = sourcecode.swift; path = Enum.swift; sourceTree = "<group>"; };
		61D6A43C2738E6D1003A9ADD /* PaymentReviewHeader.swift */ = {isa = PBXFileReference; lastKnownFileType = sourcecode.swift; path = PaymentReviewHeader.swift; sourceTree = "<group>"; };
		61F8ACCE272D547E00B24015 /* ImagePickerHelper.swift */ = {isa = PBXFileReference; lastKnownFileType = sourcecode.swift; path = ImagePickerHelper.swift; sourceTree = "<group>"; };
		B713FD2F273A515100C83110 /* UpcomingMaintenanceComponentCell.swift */ = {isa = PBXFileReference; lastKnownFileType = sourcecode.swift; path = UpcomingMaintenanceComponentCell.swift; sourceTree = "<group>"; };
		B73C544E2741597900C73ABA /* SignUpViewController.swift */ = {isa = PBXFileReference; fileEncoding = 4; lastKnownFileType = sourcecode.swift; path = SignUpViewController.swift; sourceTree = "<group>"; };
		B74EE7B927391A16002ED5A5 /* YourCarPanModal.swift */ = {isa = PBXFileReference; lastKnownFileType = sourcecode.swift; path = YourCarPanModal.swift; sourceTree = "<group>"; };
		B74EE7BC2739953E002ED5A5 /* UpcomingMaintenancePanModal.swift */ = {isa = PBXFileReference; lastKnownFileType = sourcecode.swift; path = UpcomingMaintenancePanModal.swift; sourceTree = "<group>"; };
		B7561F68273FE292005CAE51 /* OverviewViewModel.swift */ = {isa = PBXFileReference; lastKnownFileType = sourcecode.swift; path = OverviewViewModel.swift; sourceTree = "<group>"; };
		B7561F6C2740D333005CAE51 /* SignUpViewModel.swift */ = {isa = PBXFileReference; lastKnownFileType = sourcecode.swift; path = SignUpViewModel.swift; sourceTree = "<group>"; };
		B7561F6F27410724005CAE51 /* UserSignUp.swift */ = {isa = PBXFileReference; lastKnownFileType = sourcecode.swift; path = UserSignUp.swift; sourceTree = "<group>"; };
		B7561F71274107EF005CAE51 /* UserTarget.swift */ = {isa = PBXFileReference; lastKnownFileType = sourcecode.swift; path = UserTarget.swift; sourceTree = "<group>"; };
		B7561F7427410E3C005CAE51 /* SignUpUseCase.swift */ = {isa = PBXFileReference; lastKnownFileType = sourcecode.swift; path = SignUpUseCase.swift; sourceTree = "<group>"; };
		B7637F6F273F8DC1001AD75F /* UserProfileViewModel.swift */ = {isa = PBXFileReference; lastKnownFileType = sourcecode.swift; path = UserProfileViewModel.swift; sourceTree = "<group>"; };
		B764982C27350B45003A90C2 /* EditProfileController.swift */ = {isa = PBXFileReference; lastKnownFileType = sourcecode.swift; path = EditProfileController.swift; sourceTree = "<group>"; };
		B764982E27350BE9003A90C2 /* EditProfilePictureNode.swift */ = {isa = PBXFileReference; lastKnownFileType = sourcecode.swift; path = EditProfilePictureNode.swift; sourceTree = "<group>"; };
		B7713BC627306A70007A3824 /* ReusableSmallButtonNode.swift */ = {isa = PBXFileReference; lastKnownFileType = sourcecode.swift; path = ReusableSmallButtonNode.swift; sourceTree = "<group>"; };
		B7713BC82730E766007A3824 /* Poppins-Bold.ttf */ = {isa = PBXFileReference; lastKnownFileType = file; path = "Poppins-Bold.ttf"; sourceTree = "<group>"; };
		B7713BC92730E772007A3824 /* Poppins-Regular.ttf */ = {isa = PBXFileReference; lastKnownFileType = file; path = "Poppins-Regular.ttf"; sourceTree = "<group>"; };
		B7713BCF27319358007A3824 /* ReusableVehicleCell.swift */ = {isa = PBXFileReference; lastKnownFileType = sourcecode.swift; path = ReusableVehicleCell.swift; sourceTree = "<group>"; };
		B7713BD22731944B007A3824 /* VehicleDescriptionNode.swift */ = {isa = PBXFileReference; lastKnownFileType = sourcecode.swift; path = VehicleDescriptionNode.swift; sourceTree = "<group>"; };
		B7713BD42731A317007A3824 /* VehicleImageNode.swift */ = {isa = PBXFileReference; lastKnownFileType = sourcecode.swift; path = VehicleImageNode.swift; sourceTree = "<group>"; };
		B7713BD6273234F2007A3824 /* AddNewVehicleCellNode.swift */ = {isa = PBXFileReference; lastKnownFileType = sourcecode.swift; path = AddNewVehicleCellNode.swift; sourceTree = "<group>"; };
		B7A663C7273CBF1600286E53 /* FilterWorkshopViewController.swift */ = {isa = PBXFileReference; lastKnownFileType = sourcecode.swift; path = FilterWorkshopViewController.swift; sourceTree = "<group>"; };
		B7A663CA273CC46300286E53 /* FilterNode.swift */ = {isa = PBXFileReference; lastKnownFileType = sourcecode.swift; path = FilterNode.swift; sourceTree = "<group>"; };
		B7D7ED4C273045D400960699 /* Colors.xcassets */ = {isa = PBXFileReference; lastKnownFileType = folder.assetcatalog; path = Colors.xcassets; sourceTree = "<group>"; };
		B7D7ED54273050BF00960699 /* Poppins-Medium.ttf */ = {isa = PBXFileReference; lastKnownFileType = file; path = "Poppins-Medium.ttf"; sourceTree = "<group>"; };
		B7DD6DC527338FCE007F087B /* UserProfileViewController.swift */ = {isa = PBXFileReference; lastKnownFileType = sourcecode.swift; path = UserProfileViewController.swift; sourceTree = "<group>"; };
		B7DD6DC827339585007F087B /* ProfileInfoNode.swift */ = {isa = PBXFileReference; lastKnownFileType = sourcecode.swift; path = ProfileInfoNode.swift; sourceTree = "<group>"; };
		B7DD6DCE27339C82007F087B /* Extension+UIImage.swift */ = {isa = PBXFileReference; lastKnownFileType = sourcecode.swift; path = "Extension+UIImage.swift"; sourceTree = "<group>"; };
		B7DD6DF32733D8F0007F087B /* ProfileBackgroundCard.swift */ = {isa = PBXFileReference; lastKnownFileType = sourcecode.swift; path = ProfileBackgroundCard.swift; sourceTree = "<group>"; };
		B7DD6DF5273435DA007F087B /* ProfileFinalNode.swift */ = {isa = PBXFileReference; lastKnownFileType = sourcecode.swift; path = ProfileFinalNode.swift; sourceTree = "<group>"; };
		BD822C9EE32CE1A38C111D4F /* Pods_Haloto.framework */ = {isa = PBXFileReference; explicitFileType = wrapper.framework; includeInIndex = 0; path = Pods_Haloto.framework; sourceTree = BUILT_PRODUCTS_DIR; };
		F20227452734F0E600AF2AF3 /* WorkshopConsultationCard.swift */ = {isa = PBXFileReference; lastKnownFileType = sourcecode.swift; path = WorkshopConsultationCard.swift; sourceTree = "<group>"; };
		F20227472734F12A00AF2AF3 /* WorkshopConsultationMainNode.swift */ = {isa = PBXFileReference; lastKnownFileType = sourcecode.swift; path = WorkshopConsultationMainNode.swift; sourceTree = "<group>"; };
		F20227492734FDEF00AF2AF3 /* Extension+CAGradientLayer.swift */ = {isa = PBXFileReference; lastKnownFileType = sourcecode.swift; path = "Extension+CAGradientLayer.swift"; sourceTree = "<group>"; };
		F202274B273520B100AF2AF3 /* ChipCellNode.swift */ = {isa = PBXFileReference; lastKnownFileType = sourcecode.swift; path = ChipCellNode.swift; sourceTree = "<group>"; };
		F202274E273539E600AF2AF3 /* ConsultViewController.swift */ = {isa = PBXFileReference; lastKnownFileType = sourcecode.swift; path = ConsultViewController.swift; sourceTree = "<group>"; };
		F20227512735455700AF2AF3 /* ConsultViewHeader.swift */ = {isa = PBXFileReference; lastKnownFileType = sourcecode.swift; path = ConsultViewHeader.swift; sourceTree = "<group>"; };
		F20227532735526500AF2AF3 /* WorkshopConsultationMainCell.swift */ = {isa = PBXFileReference; lastKnownFileType = sourcecode.swift; path = WorkshopConsultationMainCell.swift; sourceTree = "<group>"; };
		F20227552738FCB000AF2AF3 /* ConsultRatingNode.swift */ = {isa = PBXFileReference; lastKnownFileType = sourcecode.swift; path = ConsultRatingNode.swift; sourceTree = "<group>"; };
		F2022758273915B200AF2AF3 /* StarNode.swift */ = {isa = PBXFileReference; lastKnownFileType = sourcecode.swift; path = StarNode.swift; sourceTree = "<group>"; };
		F202275B273976A100AF2AF3 /* ViewWrapperNode.swift */ = {isa = PBXFileReference; lastKnownFileType = sourcecode.swift; path = ViewWrapperNode.swift; sourceTree = "<group>"; };
		F202275E273A22DB00AF2AF3 /* BottomSheetViewController.swift */ = {isa = PBXFileReference; lastKnownFileType = sourcecode.swift; path = BottomSheetViewController.swift; sourceTree = "<group>"; };
		F2022760273A24CB00AF2AF3 /* BottomSheetPresentationAnimator.swift */ = {isa = PBXFileReference; lastKnownFileType = sourcecode.swift; path = BottomSheetPresentationAnimator.swift; sourceTree = "<group>"; };
		F2022762273A24FF00AF2AF3 /* BottomSheetPresentController.swift */ = {isa = PBXFileReference; lastKnownFileType = sourcecode.swift; path = BottomSheetPresentController.swift; sourceTree = "<group>"; };
		F2022764273A253700AF2AF3 /* BottomSheetTransitionDelegate.swift */ = {isa = PBXFileReference; lastKnownFileType = sourcecode.swift; path = BottomSheetTransitionDelegate.swift; sourceTree = "<group>"; };
		F2022766273A256800AF2AF3 /* BottomSheetViewController+Rx.swift */ = {isa = PBXFileReference; lastKnownFileType = sourcecode.swift; path = "BottomSheetViewController+Rx.swift"; sourceTree = "<group>"; };
		F2022768273A259900AF2AF3 /* UIApplication+BottomSheet.swift */ = {isa = PBXFileReference; lastKnownFileType = sourcecode.swift; path = "UIApplication+BottomSheet.swift"; sourceTree = "<group>"; };
		F202276A273A26C000AF2AF3 /* UIScreen+TransitionSize.swift */ = {isa = PBXFileReference; lastKnownFileType = sourcecode.swift; path = "UIScreen+TransitionSize.swift"; sourceTree = "<group>"; };
		F202276C273A278D00AF2AF3 /* Extension+Rx.swift */ = {isa = PBXFileReference; lastKnownFileType = sourcecode.swift; path = "Extension+Rx.swift"; sourceTree = "<group>"; };
		F202276E273A288200AF2AF3 /* ScrollTracker.swift */ = {isa = PBXFileReference; lastKnownFileType = sourcecode.swift; path = ScrollTracker.swift; sourceTree = "<group>"; };
		F2022770273A292300AF2AF3 /* Extension+UINavbar.swift */ = {isa = PBXFileReference; lastKnownFileType = sourcecode.swift; path = "Extension+UINavbar.swift"; sourceTree = "<group>"; };
		F2022772273A2C8100AF2AF3 /* Motion.swift */ = {isa = PBXFileReference; lastKnownFileType = sourcecode.swift; path = Motion.swift; sourceTree = "<group>"; };
		F2022774273A2CE500AF2AF3 /* Extension+CALayer.swift */ = {isa = PBXFileReference; lastKnownFileType = sourcecode.swift; path = "Extension+CALayer.swift"; sourceTree = "<group>"; };
		F2022776273A2E1100AF2AF3 /* RxSwizzlingInterpose.swift */ = {isa = PBXFileReference; lastKnownFileType = sourcecode.swift; path = RxSwizzlingInterpose.swift; sourceTree = "<group>"; };
		F2532CD72734E31F00C34AEF /* ChipNode.swift */ = {isa = PBXFileReference; lastKnownFileType = sourcecode.swift; path = ChipNode.swift; sourceTree = "<group>"; };
		F273EF92273CC51D004721B1 /* LoginUseCase.swift */ = {isa = PBXFileReference; lastKnownFileType = sourcecode.swift; path = LoginUseCase.swift; sourceTree = "<group>"; };
		F27844AF274124E100C8EDE2 /* SignInResponse.swift */ = {isa = PBXFileReference; lastKnownFileType = sourcecode.swift; path = SignInResponse.swift; sourceTree = "<group>"; };
		F27844B4274134F800C8EDE2 /* NetworkError.swift */ = {isa = PBXFileReference; fileEncoding = 4; lastKnownFileType = sourcecode.swift; name = NetworkError.swift; path = "Haloto/Vendor/Manager/Network Manager/Error/NetworkError.swift"; sourceTree = SOURCE_ROOT; };
		F27844B72741359400C8EDE2 /* DefaultManager.swift */ = {isa = PBXFileReference; lastKnownFileType = sourcecode.swift; path = DefaultManager.swift; sourceTree = "<group>"; };
		F28F6D042732437300261BA1 /* Extension+NSAttributedString.swift */ = {isa = PBXFileReference; lastKnownFileType = sourcecode.swift; path = "Extension+NSAttributedString.swift"; sourceTree = "<group>"; };
		F2F5FF82273378FF00E4643C /* StickyChatNode.swift */ = {isa = PBXFileReference; lastKnownFileType = sourcecode.swift; path = StickyChatNode.swift; sourceTree = "<group>"; };
/* End PBXFileReference section */

/* Begin PBXFrameworksBuildPhase section */
		618802E42727C5F3003F4C6F /* Frameworks */ = {
			isa = PBXFrameworksBuildPhase;
			buildActionMask = 2147483647;
			files = (
				2F2943516D4480F7198B7355 /* Pods_Haloto.framework in Frameworks */,
				9EF6236B929EE41336D3EF62 /* Pods_Haloto.framework in Frameworks */,
			);
			runOnlyForDeploymentPostprocessing = 0;
		};
/* End PBXFrameworksBuildPhase section */

/* Begin PBXGroup section */
		2153EB9027349934000F1830 /* Overview */ = {
			isa = PBXGroup;
			children = (
				B7561F67273FE27F005CAE51 /* View */,
				B7561F66273FE273005CAE51 /* ViewModel */,
				2171C77327353A69001CB1C2 /* Section */,
			);
			path = Overview;
			sourceTree = "<group>";
		};
		2171C77327353A69001CB1C2 /* Section */ = {
			isa = PBXGroup;
			children = (
				2171C77427353AC2001CB1C2 /* VehicleSection.swift */,
				2171C776273543FD001CB1C2 /* UpcomingMaintenanceSection.swift */,
				217DD5E92738EDC100570989 /* MaintenanceHistorySection.swift */,
			);
			path = Section;
			sourceTree = "<group>";
		};
		3A1D317520C0E52241414D4C /* Frameworks */ = {
			isa = PBXGroup;
			children = (
				BD822C9EE32CE1A38C111D4F /* Pods_Haloto.framework */,
			);
			name = Frameworks;
			sourceTree = "<group>";
		};
		3B73F2F92737944100B9BDC0 /* Component */ = {
			isa = PBXGroup;
			children = (
				3B860C182732F29C007776BB /* LoginButton.swift */,
				3B860C152732E9C8007776BB /* FormTextField.swift */,
				3B6922702735ACDF00847845 /* OneTimePasswordTextField.swift */,
				3B860C122732E0E7007776BB /* FormField.swift */,
			);
			path = Component;
			sourceTree = "<group>";
		};
		3B860C0C2732D7E1007776BB /* Sign Up */ = {
			isa = PBXGroup;
			children = (
				B73C544D2741597900C73ABA /* View */,
				B7561F7327410E28005CAE51 /* UseCase */,
				B7561F6B2740D326005CAE51 /* ViewModel */,
			);
			path = "Sign Up";
			sourceTree = "<group>";
		};
		3B860C172732F264007776BB /* SnapKit Reusable */ = {
			isa = PBXGroup;
			children = (
				3BB652242734FAE20003E861 /* Form Card */,
			);
			path = "SnapKit Reusable";
			sourceTree = "<group>";
		};
		3BAC15972733932300D52067 /* OTP */ = {
			isa = PBXGroup;
			children = (
				3BAC15982733932E00D52067 /* OTPViewController.swift */,
				3BAC159A2733A54A00D52067 /* OTPViewModel.swift */,
			);
			path = OTP;
			sourceTree = "<group>";
		};
		3BB652242734FAE20003E861 /* Form Card */ = {
			isa = PBXGroup;
			children = (
				3B73F2F92737944100B9BDC0 /* Component */,
				3BB652252734FAFE0003E861 /* FormCard.swift */,
			);
			path = "Form Card";
			sourceTree = "<group>";
		};
		3BC41D34273A36770008C194 /* Add Vehicle */ = {
			isa = PBXGroup;
			children = (
				3BC41D37273A36AB0008C194 /* Component */,
				3BC41D35273A36920008C194 /* AddNewVehicleViewController.swift */,
			);
			path = "Add Vehicle";
			sourceTree = "<group>";
		};
		3BC41D37273A36AB0008C194 /* Component */ = {
			isa = PBXGroup;
			children = (
				3BC41D38273A37E70008C194 /* SelectFieldStack.swift */,
				3BC41D3B273A89460008C194 /* SelectNode.swift */,
				3BC41D3F273A9A660008C194 /* EntryTextFieldNode.swift */,
				3BC41D3D273A959D0008C194 /* FormFieldStack.swift */,
				3BC41D41273AD2800008C194 /* ButtonFieldStack.swift */,
				3B09EC28273B9622001E1828 /* PickerBottomSheetViewController.swift */,
			);
			path = Component;
			sourceTree = "<group>";
		};
		3BFAED13273250C80024C8C2 /* Login */ = {
			isa = PBXGroup;
			children = (
				3BFAED14273250D60024C8C2 /* LoginViewController.swift */,
				3BAC159527338E8800D52067 /* LoginViewModel.swift */,
				F273EF92273CC51D004721B1 /* LoginUseCase.swift */,
			);
			path = Login;
			sourceTree = "<group>";
		};
		610BA269275E71E700DA2D57 /* Core Data */ = {
			isa = PBXGroup;
			children = (
				21794909275F6F680025FF3E /* CarMaintenanceHistory+CoreDataClass.swift */,
				21794907275F6F680025FF3E /* CarMaintenanceHistory+CoreDataProperties.swift */,
				2179490A275F6F690025FF3E /* CarVehicle+CoreDataClass.swift */,
				21794908275F6F680025FF3E /* CarVehicle+CoreDataProperties.swift */,
				610BA26A275E721D00DA2D57 /* Haloto.xcdatamodeld */,
				217948FB275F6A5C0025FF3E /* CoreDataManager.swift */,
			);
			path = "Core Data";
			sourceTree = "<group>";
		};
		612292B1273A87E4004B3A6F /* Text Field */ = {
			isa = PBXGroup;
			children = (
				612292B2273A87FA004B3A6F /* TextFieldNode.swift */,
			);
			path = "Text Field";
			sourceTree = "<group>";
		};
		6128445E2727E6CB00D060AC /* Module */ = {
			isa = PBXGroup;
			children = (
				3BC41D34273A36770008C194 /* Add Vehicle */,
				B7A663C6273CBE9600286E53 /* Filter Bengkel */,
				B7DD6DC427338FB4007F087B /* Profile Page */,
				2153EB9027349934000F1830 /* Overview */,
				3BAC15972733932300D52067 /* OTP */,
				3B860C0C2732D7E1007776BB /* Sign Up */,
				3BFAED13273250C80024C8C2 /* Login */,
				6163AC4527381A4600E7756E /* Payment Review */,
				F202274D273539D400AF2AF3 /* Consult */,
				6128447B2727EE8100D060AC /* Example */,
			);
			path = Module;
			sourceTree = "<group>";
		};
		6128445F2727E6D000D060AC /* Vendor */ = {
			isa = PBXGroup;
			children = (
				610BA269275E71E700DA2D57 /* Core Data */,
				61C679ED272FAC34003AFE3F /* Enum */,
				61C679E1272F8CB8003AFE3F /* Reusable View */,
				612844692727E9EB00D060AC /* Helper */,
				612844672727E9B700D060AC /* Manager */,
				612844662727E99A00D060AC /* Extensions */,
				612844632727E8B500D060AC /* Constant */,
				612844622727E87500D060AC /* Resources */,
				612844612727E83600D060AC /* App */,
			);
			path = Vendor;
			sourceTree = "<group>";
		};
		612844612727E83600D060AC /* App */ = {
			isa = PBXGroup;
			children = (
				618802EA2727C5F3003F4C6F /* AppDelegate.swift */,
				618802EC2727C5F3003F4C6F /* SceneDelegate.swift */,
			);
			path = App;
			sourceTree = "<group>";
		};
		612844622727E87500D060AC /* Resources */ = {
			isa = PBXGroup;
			children = (
				B7D7ED50273050A600960699 /* Fonts */,
				618802F32727C5F4003F4C6F /* Assets.xcassets */,
				618802F52727C5F4003F4C6F /* LaunchScreen.storyboard */,
				B7D7ED4C273045D400960699 /* Colors.xcassets */,
			);
			path = Resources;
			sourceTree = "<group>";
		};
		612844632727E8B500D060AC /* Constant */ = {
			isa = PBXGroup;
			children = (
				612844642727E8C100D060AC /* Constant.swift */,
			);
			path = Constant;
			sourceTree = "<group>";
		};
		612844662727E99A00D060AC /* Extensions */ = {
			isa = PBXGroup;
			children = (
				6128446C2727EAAF00D060AC /* Extension+UIView.swift */,
				6128446E2727EB3D00D060AC /* Extension+String.swift */,
				612844702727EB6C00D060AC /* Extension+UIColor.swift */,
				612844722727EB8C00D060AC /* Extension+ObservableType.swift */,
				612844772727EBF300D060AC /* Extension+Result.swift */,
				6128449D2727F89600D060AC /* Extension+UIViewController.swift */,
				F28F6D042732437300261BA1 /* Extension+NSAttributedString.swift */,
				6134E6B02733067F002E7526 /* Extension+CGFloat.swift */,
				B7DD6DCE27339C82007F087B /* Extension+UIImage.swift */,
				F20227492734FDEF00AF2AF3 /* Extension+CAGradientLayer.swift */,
				6163AC4F27381D5A00E7756E /* Extension+Double.swift */,
				61B7EBB62739A0A20032AED8 /* Extension+UITabBarController.swift */,
				F202276C273A278D00AF2AF3 /* Extension+Rx.swift */,
				F202276E273A288200AF2AF3 /* ScrollTracker.swift */,
				F2022770273A292300AF2AF3 /* Extension+UINavbar.swift */,
				F2022772273A2C8100AF2AF3 /* Motion.swift */,
				F2022774273A2CE500AF2AF3 /* Extension+CALayer.swift */,
				F2022776273A2E1100AF2AF3 /* RxSwizzlingInterpose.swift */,
			);
			path = Extensions;
			sourceTree = "<group>";
		};
		612844672727E9B700D060AC /* Manager */ = {
			isa = PBXGroup;
			children = (
				F27844B62741354A00C8EDE2 /* Default Manager */,
				612844682727E9BB00D060AC /* Network Manager */,
			);
			path = Manager;
			sourceTree = "<group>";
		};
		612844682727E9BB00D060AC /* Network Manager */ = {
			isa = PBXGroup;
			children = (
				612844792727EC5300D060AC /* NetworkProvider.swift */,
				B7561F6E274106F8005CAE51 /* Model */,
				F273EF94273CC5A5004721B1 /* Request */,
				F27844B3274134C100C8EDE2 /* Error */,
			);
			path = "Network Manager";
			sourceTree = "<group>";
		};
		612844692727E9EB00D060AC /* Helper */ = {
			isa = PBXGroup;
			children = (
				6128446A2727EA1700D060AC /* CommonHelper.swift */,
				61F8ACCE272D547E00B24015 /* ImagePickerHelper.swift */,
			);
			path = Helper;
			sourceTree = "<group>";
		};
		6128447B2727EE8100D060AC /* Example */ = {
			isa = PBXGroup;
			children = (
				6128447C2727EEBF00D060AC /* ExampleViewController.swift */,
			);
			path = Example;
			sourceTree = "<group>";
		};
		6134E6A92732D3D6002E7526 /* Cell */ = {
			isa = PBXGroup;
			children = (
				6134E6AA2732D3FB002E7526 /* CellContentListPopUpNode.swift */,
				6134E6AE2732D420002E7526 /* CellSelectedListPopUpNode.swift */,
			);
			path = Cell;
			sourceTree = "<group>";
		};
		615CDCBC2734E21D00967A40 /* Consult Popup */ = {
			isa = PBXGroup;
			children = (
				6198AB262735B44A0037A7FD /* Component */,
				6198AB222735B3390037A7FD /* ReusableConsultPopUpViewController.swift */,
			);
			path = "Consult Popup";
			sourceTree = "<group>";
		};
		6163AC4527381A4600E7756E /* Payment Review */ = {
			isa = PBXGroup;
			children = (
				6163AC4627381A6A00E7756E /* View */,
			);
			path = "Payment Review";
			sourceTree = "<group>";
		};
		6163AC4627381A6A00E7756E /* View */ = {
			isa = PBXGroup;
			children = (
				6163AC4B27381C5100E7756E /* Component */,
				6163AC4727381AC700E7756E /* UserPaymentReviewViewController.swift */,
			);
			path = View;
			sourceTree = "<group>";
		};
		6163AC4B27381C5100E7756E /* Component */ = {
			isa = PBXGroup;
			children = (
				6163AC4C27381CE500E7756E /* PaymentTimerNode.swift */,
				6163AC512738212600E7756E /* PriceDetailsNode.swift */,
				6163AC5327382B1200E7756E /* PaymentMethodNode.swift */,
				6163AC55273834A100E7756E /* PaymentTotalNode.swift */,
				61D6A43C2738E6D1003A9ADD /* PaymentReviewHeader.swift */,
			);
			path = Component;
			sourceTree = "<group>";
		};
		6172733927312E7A00DF8F5E /* List Popup */ = {
			isa = PBXGroup;
			children = (
				6134E6A92732D3D6002E7526 /* Cell */,
				6172733C27312FCF00DF8F5E /* Header */,
				6172733A27312EB900DF8F5E /* ListPopupViewController.swift */,
			);
			path = "List Popup";
			sourceTree = "<group>";
		};
		6172733C27312FCF00DF8F5E /* Header */ = {
			isa = PBXGroup;
			children = (
				611726DC2731598F00FC2445 /* HeaderListPopUpNode.swift */,
			);
			path = Header;
			sourceTree = "<group>";
		};
		617F6ED527327261002EBD85 /* Models */ = {
			isa = PBXGroup;
			children = (
				617F6ED62732726E002EBD85 /* Model.swift */,
				613AD74B273D3F2B0024C75E /* ModelDummy.swift */,
			);
			path = Models;
			sourceTree = "<group>";
		};
		618546BF2734DC9300675BB0 /* Collection View */ = {
			isa = PBXGroup;
			children = (
				618546C02734DC9300675BB0 /* FilterMaintenancePage */,
			);
			path = "Collection View";
			sourceTree = "<group>";
		};
		618546C02734DC9300675BB0 /* FilterMaintenancePage */ = {
			isa = PBXGroup;
			children = (
				618546C12734DC9300675BB0 /* FilterMaintenanceCell.swift */,
				618546C22734DC9300675BB0 /* Components */,
			);
			path = FilterMaintenancePage;
			sourceTree = "<group>";
		};
		618546C22734DC9300675BB0 /* Components */ = {
			isa = PBXGroup;
			children = (
				615CDCC027351C1000967A40 /* ButtonDeleteFilterMaintenanceNode.swift */,
			);
			path = Components;
			sourceTree = "<group>";
		};
		618546C62734DCA100675BB0 /* Table View */ = {
			isa = PBXGroup;
			children = (
				B713FD2E273A512C00C83110 /* Upcoming Component Cell */,
				F20227412734F08500AF2AF3 /* Workshop Consult Cell */,
				618546C72734DCA100675BB0 /* MaintenanceHistory */,
				618546CB2734DCA100675BB0 /* UpcomingMaintenance */,
			);
			path = "Table View";
			sourceTree = "<group>";
		};
		618546C72734DCA100675BB0 /* MaintenanceHistory */ = {
			isa = PBXGroup;
			children = (
				618546C82734DCA100675BB0 /* MaintenanceHistoryCell.swift */,
				618546C92734DCA100675BB0 /* Components */,
			);
			path = MaintenanceHistory;
			sourceTree = "<group>";
		};
		618546C92734DCA100675BB0 /* Components */ = {
			isa = PBXGroup;
			children = (
				618546CA2734DCA100675BB0 /* MaintenanceHistoryDescription.swift */,
			);
			path = Components;
			sourceTree = "<group>";
		};
		618546CB2734DCA100675BB0 /* UpcomingMaintenance */ = {
			isa = PBXGroup;
			children = (
				618546CF2734DCA100675BB0 /* UpcomingMaintenanceCell.swift */,
				618546CC2734DCA100675BB0 /* Components */,
			);
			path = UpcomingMaintenance;
			sourceTree = "<group>";
		};
		618546CC2734DCA100675BB0 /* Components */ = {
			isa = PBXGroup;
			children = (
				618546CE2734DCA100675BB0 /* UpcomingMaintenanceDescription.swift */,
			);
			path = Components;
			sourceTree = "<group>";
		};
		618802DE2727C5F3003F4C6F = {
			isa = PBXGroup;
			children = (
				618802E92727C5F3003F4C6F /* Haloto */,
				618802E82727C5F3003F4C6F /* Products */,
				683AB1584554E2C607A43AE9 /* Pods */,
				F2532CD32734DD6200C34AEF /* Recovered References */,
				3A1D317520C0E52241414D4C /* Frameworks */,
			);
			sourceTree = "<group>";
		};
		618802E82727C5F3003F4C6F /* Products */ = {
			isa = PBXGroup;
			children = (
				618802E72727C5F3003F4C6F /* Haloto.app */,
			);
			name = Products;
			sourceTree = "<group>";
		};
		618802E92727C5F3003F4C6F /* Haloto */ = {
			isa = PBXGroup;
			children = (
				617F6ED527327261002EBD85 /* Models */,
				6128445E2727E6CB00D060AC /* Module */,
				6128445F2727E6D000D060AC /* Vendor */,
				618802F82727C5F4003F4C6F /* Info.plist */,
				61AD04E1273B8D860017CBCF /* GoogleService-Info.plist */,
			);
			path = Haloto;
			sourceTree = "<group>";
		};
		6198AB262735B44A0037A7FD /* Component */ = {
			isa = PBXGroup;
			children = (
				6198AB2A2735D77D0037A7FD /* ContentConsultPopupNode.swift */,
			);
			path = Component;
			sourceTree = "<group>";
		};
		61C679E1272F8CB8003AFE3F /* Reusable View */ = {
			isa = PBXGroup;
			children = (
				612292B1273A87E4004B3A6F /* Text Field */,
				B74EE7B7273919C2002ED5A5 /* Pan Modal */,
				F202275A2739766B00AF2AF3 /* View Wrapper */,
				F20227572739158A00AF2AF3 /* Star */,
				3B860C172732F264007776BB /* SnapKit Reusable */,
				F202275D273A22C600AF2AF3 /* Bottom Sheet */,
				F2532CD62734E25200C34AEF /* Chip Node */,
				F2F5FF81273378EE00E4643C /* Sticky Chat */,
				B7713BCD27319331007A3824 /* User */,
				B7D7ED492730439000960699 /* Button */,
				61C679E6272F9B1B003AFE3F /* Tab Bar */,
				61C679E3272F8CD7003AFE3F /* Pop Up */,
				61C679E2272F8CC5003AFE3F /* Cell */,
			);
			path = "Reusable View";
			sourceTree = "<group>";
		};
		61C679E2272F8CC5003AFE3F /* Cell */ = {
			isa = PBXGroup;
			children = (
				618546C62734DCA100675BB0 /* Table View */,
				618546BF2734DC9300675BB0 /* Collection View */,
			);
			path = Cell;
			sourceTree = "<group>";
		};
		61C679E3272F8CD7003AFE3F /* Pop Up */ = {
			isa = PBXGroup;
			children = (
				615CDCBC2734E21D00967A40 /* Consult Popup */,
				6172733927312E7A00DF8F5E /* List Popup */,
			);
			path = "Pop Up";
			sourceTree = "<group>";
		};
		61C679E6272F9B1B003AFE3F /* Tab Bar */ = {
			isa = PBXGroup;
			children = (
				61C679E7272F9D21003AFE3F /* TabBarBaseController.swift */,
				61C679E9272F9D2F003AFE3F /* TabNavigationMenu.swift */,
				61C679EB272F9D3A003AFE3F /* TabItem.swift */,
			);
			path = "Tab Bar";
			sourceTree = "<group>";
		};
		61C679ED272FAC34003AFE3F /* Enum */ = {
			isa = PBXGroup;
			children = (
				61C679EE272FAC4F003AFE3F /* Enum.swift */,
			);
			path = Enum;
			sourceTree = "<group>";
		};
		683AB1584554E2C607A43AE9 /* Pods */ = {
			isa = PBXGroup;
			children = (
				45189E7BD3538C5FCF736331 /* Pods-Haloto.debug.xcconfig */,
				3240DF906EE1C6F71C485CA6 /* Pods-Haloto.release.xcconfig */,
			);
			path = Pods;
			sourceTree = "<group>";
		};
		B713FD2E273A512C00C83110 /* Upcoming Component Cell */ = {
			isa = PBXGroup;
			children = (
				B713FD2F273A515100C83110 /* UpcomingMaintenanceComponentCell.swift */,
			);
			path = "Upcoming Component Cell";
			sourceTree = "<group>";
		};
		B73C544D2741597900C73ABA /* View */ = {
			isa = PBXGroup;
			children = (
				B73C544E2741597900C73ABA /* SignUpViewController.swift */,
			);
			path = View;
			sourceTree = "<group>";
		};
		B74EE7B7273919C2002ED5A5 /* Pan Modal */ = {
			isa = PBXGroup;
			children = (
				B74EE7BB2739952C002ED5A5 /* Upcoming Maintenance */,
				B74EE7B8273919FD002ED5A5 /* Your Car */,
			);
			path = "Pan Modal";
			sourceTree = "<group>";
		};
		B74EE7B8273919FD002ED5A5 /* Your Car */ = {
			isa = PBXGroup;
			children = (
				B74EE7B927391A16002ED5A5 /* YourCarPanModal.swift */,
			);
			path = "Your Car";
			sourceTree = "<group>";
		};
		B74EE7BB2739952C002ED5A5 /* Upcoming Maintenance */ = {
			isa = PBXGroup;
			children = (
				B74EE7BC2739953E002ED5A5 /* UpcomingMaintenancePanModal.swift */,
			);
			path = "Upcoming Maintenance";
			sourceTree = "<group>";
		};
		B7561F66273FE273005CAE51 /* ViewModel */ = {
			isa = PBXGroup;
			children = (
				B7561F68273FE292005CAE51 /* OverviewViewModel.swift */,
			);
			path = ViewModel;
			sourceTree = "<group>";
		};
		B7561F67273FE27F005CAE51 /* View */ = {
			isa = PBXGroup;
			children = (
				2153EB912734995E000F1830 /* OverviewViewController.swift */,
			);
			path = View;
			sourceTree = "<group>";
		};
		B7561F6B2740D326005CAE51 /* ViewModel */ = {
			isa = PBXGroup;
			children = (
				B7561F6C2740D333005CAE51 /* SignUpViewModel.swift */,
			);
			path = ViewModel;
			sourceTree = "<group>";
		};
		B7561F6E274106F8005CAE51 /* Model */ = {
			isa = PBXGroup;
			children = (
				B7561F6F27410724005CAE51 /* UserSignUp.swift */,
				F27844AF274124E100C8EDE2 /* SignInResponse.swift */,
			);
			path = Model;
			sourceTree = "<group>";
		};
		B7561F7327410E28005CAE51 /* UseCase */ = {
			isa = PBXGroup;
			children = (
				B7561F7427410E3C005CAE51 /* SignUpUseCase.swift */,
			);
			path = UseCase;
			sourceTree = "<group>";
		};
		B7637F6D273F8D88001AD75F /* View */ = {
			isa = PBXGroup;
			children = (
				B764982B27350AF7003A90C2 /* Edit Profile */,
				B7DD6DC7273394AC007F087B /* Components */,
				B7DD6DC527338FCE007F087B /* UserProfileViewController.swift */,
			);
			path = View;
			sourceTree = "<group>";
		};
		B7637F6E273F8D8E001AD75F /* ViewModel */ = {
			isa = PBXGroup;
			children = (
				B7637F6F273F8DC1001AD75F /* UserProfileViewModel.swift */,
			);
			path = ViewModel;
			sourceTree = "<group>";
		};
		B764982B27350AF7003A90C2 /* Edit Profile */ = {
			isa = PBXGroup;
			children = (
				B764982C27350B45003A90C2 /* EditProfileController.swift */,
				B764982E27350BE9003A90C2 /* EditProfilePictureNode.swift */,
			);
			path = "Edit Profile";
			sourceTree = "<group>";
		};
		B7713BCD27319331007A3824 /* User */ = {
			isa = PBXGroup;
			children = (
				B7713BCE27319336007A3824 /* Vehicle Cell */,
			);
			path = User;
			sourceTree = "<group>";
		};
		B7713BCE27319336007A3824 /* Vehicle Cell */ = {
			isa = PBXGroup;
			children = (
				B7713BD1273193EA007A3824 /* Components */,
				B7713BCF27319358007A3824 /* ReusableVehicleCell.swift */,
				B7713BD6273234F2007A3824 /* AddNewVehicleCellNode.swift */,
			);
			path = "Vehicle Cell";
			sourceTree = "<group>";
		};
		B7713BD1273193EA007A3824 /* Components */ = {
			isa = PBXGroup;
			children = (
				B7713BD22731944B007A3824 /* VehicleDescriptionNode.swift */,
				B7713BD42731A317007A3824 /* VehicleImageNode.swift */,
			);
			path = Components;
			sourceTree = "<group>";
		};
		B7A663C6273CBE9600286E53 /* Filter Bengkel */ = {
			isa = PBXGroup;
			children = (
				B7A663C9273CBF1A00286E53 /* Components */,
				B7A663C7273CBF1600286E53 /* FilterWorkshopViewController.swift */,
			);
			path = "Filter Bengkel";
			sourceTree = "<group>";
		};
		B7A663C9273CBF1A00286E53 /* Components */ = {
			isa = PBXGroup;
			children = (
				B7A663CA273CC46300286E53 /* FilterNode.swift */,
			);
			path = Components;
			sourceTree = "<group>";
		};
		B7D7ED492730439000960699 /* Button */ = {
			isa = PBXGroup;
			children = (
				B7713BC627306A70007A3824 /* ReusableSmallButtonNode.swift */,
			);
			path = Button;
			sourceTree = "<group>";
		};
		B7D7ED50273050A600960699 /* Fonts */ = {
			isa = PBXGroup;
			children = (
				B7713BC92730E772007A3824 /* Poppins-Regular.ttf */,
				B7713BC82730E766007A3824 /* Poppins-Bold.ttf */,
				B7D7ED54273050BF00960699 /* Poppins-Medium.ttf */,
			);
			path = Fonts;
			sourceTree = "<group>";
		};
		B7DD6DC427338FB4007F087B /* Profile Page */ = {
			isa = PBXGroup;
			children = (
				B7637F6E273F8D8E001AD75F /* ViewModel */,
				B7637F6D273F8D88001AD75F /* View */,
			);
			path = "Profile Page";
			sourceTree = "<group>";
		};
		B7DD6DC7273394AC007F087B /* Components */ = {
			isa = PBXGroup;
			children = (
				B7DD6DC827339585007F087B /* ProfileInfoNode.swift */,
				B7DD6DF32733D8F0007F087B /* ProfileBackgroundCard.swift */,
				B7DD6DF5273435DA007F087B /* ProfileFinalNode.swift */,
			);
			path = Components;
			sourceTree = "<group>";
		};
		F20227412734F08500AF2AF3 /* Workshop Consult Cell */ = {
			isa = PBXGroup;
			children = (
				F20227442734F0D100AF2AF3 /* Component */,
				F20227532735526500AF2AF3 /* WorkshopConsultationMainCell.swift */,
			);
			path = "Workshop Consult Cell";
			sourceTree = "<group>";
		};
		F20227442734F0D100AF2AF3 /* Component */ = {
			isa = PBXGroup;
			children = (
				F20227472734F12A00AF2AF3 /* WorkshopConsultationMainNode.swift */,
				F20227452734F0E600AF2AF3 /* WorkshopConsultationCard.swift */,
			);
			path = Component;
			sourceTree = "<group>";
		};
		F202274D273539D400AF2AF3 /* Consult */ = {
			isa = PBXGroup;
			children = (
				F20227502735454700AF2AF3 /* Component */,
				F202274E273539E600AF2AF3 /* ConsultViewController.swift */,
			);
			path = Consult;
			sourceTree = "<group>";
		};
		F20227502735454700AF2AF3 /* Component */ = {
			isa = PBXGroup;
			children = (
				F20227512735455700AF2AF3 /* ConsultViewHeader.swift */,
				F20227552738FCB000AF2AF3 /* ConsultRatingNode.swift */,
			);
			path = Component;
			sourceTree = "<group>";
		};
		F20227572739158A00AF2AF3 /* Star */ = {
			isa = PBXGroup;
			children = (
				F2022758273915B200AF2AF3 /* StarNode.swift */,
			);
			path = Star;
			sourceTree = "<group>";
		};
		F202275A2739766B00AF2AF3 /* View Wrapper */ = {
			isa = PBXGroup;
			children = (
				F202275B273976A100AF2AF3 /* ViewWrapperNode.swift */,
			);
			path = "View Wrapper";
			sourceTree = "<group>";
		};
		F202275D273A22C600AF2AF3 /* Bottom Sheet */ = {
			isa = PBXGroup;
			children = (
				F202275E273A22DB00AF2AF3 /* BottomSheetViewController.swift */,
				F2022760273A24CB00AF2AF3 /* BottomSheetPresentationAnimator.swift */,
				F2022762273A24FF00AF2AF3 /* BottomSheetPresentController.swift */,
				F2022764273A253700AF2AF3 /* BottomSheetTransitionDelegate.swift */,
				F2022766273A256800AF2AF3 /* BottomSheetViewController+Rx.swift */,
				F2022768273A259900AF2AF3 /* UIApplication+BottomSheet.swift */,
				F202276A273A26C000AF2AF3 /* UIScreen+TransitionSize.swift */,
			);
			path = "Bottom Sheet";
			sourceTree = "<group>";
		};
		F2532CD32734DD6200C34AEF /* Recovered References */ = {
			isa = PBXGroup;
			children = (
				23B1522FF9AE1571B3B5A470 /* Pods_Haloto.framework */,
			);
			name = "Recovered References";
			sourceTree = "<group>";
		};
		F2532CD62734E25200C34AEF /* Chip Node */ = {
			isa = PBXGroup;
			children = (
				F2532CD72734E31F00C34AEF /* ChipNode.swift */,
				F202274B273520B100AF2AF3 /* ChipCellNode.swift */,
			);
			path = "Chip Node";
			sourceTree = "<group>";
		};
		F273EF94273CC5A5004721B1 /* Request */ = {
			isa = PBXGroup;
			children = (
				B7561F71274107EF005CAE51 /* UserTarget.swift */,
			);
			path = Request;
			sourceTree = "<group>";
		};
		F27844B3274134C100C8EDE2 /* Error */ = {
			isa = PBXGroup;
			children = (
				F27844B4274134F800C8EDE2 /* NetworkError.swift */,
			);
			name = Error;
			path = Request/Error;
			sourceTree = "<group>";
		};
		F27844B62741354A00C8EDE2 /* Default Manager */ = {
			isa = PBXGroup;
			children = (
				F27844B72741359400C8EDE2 /* DefaultManager.swift */,
			);
			path = "Default Manager";
			sourceTree = "<group>";
		};
		F2F5FF81273378EE00E4643C /* Sticky Chat */ = {
			isa = PBXGroup;
			children = (
				F2F5FF82273378FF00E4643C /* StickyChatNode.swift */,
			);
			path = "Sticky Chat";
			sourceTree = "<group>";
		};
/* End PBXGroup section */

/* Begin PBXNativeTarget section */
		618802E62727C5F3003F4C6F /* Haloto */ = {
			isa = PBXNativeTarget;
			buildConfigurationList = 618802FB2727C5F4003F4C6F /* Build configuration list for PBXNativeTarget "Haloto" */;
			buildPhases = (
				AE044919F3F675E1887F7D3A /* [CP] Check Pods Manifest.lock */,
				618802E32727C5F3003F4C6F /* Sources */,
				618802E42727C5F3003F4C6F /* Frameworks */,
				618802E52727C5F3003F4C6F /* Resources */,
				7BC7FC640DFB1638430D2934 /* [CP] Embed Pods Frameworks */,
			);
			buildRules = (
			);
			dependencies = (
			);
			name = Haloto;
			productName = Haloto;
			productReference = 618802E72727C5F3003F4C6F /* Haloto.app */;
			productType = "com.apple.product-type.application";
		};
/* End PBXNativeTarget section */

/* Begin PBXProject section */
		618802DF2727C5F3003F4C6F /* Project object */ = {
			isa = PBXProject;
			attributes = {
				BuildIndependentTargetsInParallel = 1;
				LastSwiftUpdateCheck = 1300;
				LastUpgradeCheck = 1300;
				TargetAttributes = {
					618802E62727C5F3003F4C6F = {
						CreatedOnToolsVersion = 13.0;
					};
				};
			};
			buildConfigurationList = 618802E22727C5F3003F4C6F /* Build configuration list for PBXProject "Haloto" */;
			compatibilityVersion = "Xcode 13.0";
			developmentRegion = en;
			hasScannedForEncodings = 0;
			knownRegions = (
				en,
				Base,
			);
			mainGroup = 618802DE2727C5F3003F4C6F;
			productRefGroup = 618802E82727C5F3003F4C6F /* Products */;
			projectDirPath = "";
			projectRoot = "";
			targets = (
				618802E62727C5F3003F4C6F /* Haloto */,
			);
		};
/* End PBXProject section */

/* Begin PBXResourcesBuildPhase section */
		618802E52727C5F3003F4C6F /* Resources */ = {
			isa = PBXResourcesBuildPhase;
			buildActionMask = 2147483647;
			files = (
				B7D7ED4D273045D400960699 /* Colors.xcassets in Resources */,
				F2F5FF7E2732DA0000E4643C /* Poppins-Bold.ttf in Resources */,
				61AD04E2273B8D860017CBCF /* GoogleService-Info.plist in Resources */,
				B7D7ED66273050D300960699 /* Poppins-Medium.ttf in Resources */,
				6134E6A72732CFEF002E7526 /* Poppins-Bold.ttf in Resources */,
				6134E6A82732CFF1002E7526 /* Poppins-Regular.ttf in Resources */,
				618802F72727C5F4003F4C6F /* LaunchScreen.storyboard in Resources */,
				618802F42727C5F4003F4C6F /* Assets.xcassets in Resources */,
				F2F5FF7D2732D9FC00E4643C /* Poppins-Regular.ttf in Resources */,
			);
			runOnlyForDeploymentPostprocessing = 0;
		};
/* End PBXResourcesBuildPhase section */

/* Begin PBXShellScriptBuildPhase section */
		7BC7FC640DFB1638430D2934 /* [CP] Embed Pods Frameworks */ = {
			isa = PBXShellScriptBuildPhase;
			buildActionMask = 2147483647;
			files = (
			);
			inputFileListPaths = (
				"${PODS_ROOT}/Target Support Files/Pods-Haloto/Pods-Haloto-frameworks-${CONFIGURATION}-input-files.xcfilelist",
			);
			name = "[CP] Embed Pods Frameworks";
			outputFileListPaths = (
				"${PODS_ROOT}/Target Support Files/Pods-Haloto/Pods-Haloto-frameworks-${CONFIGURATION}-output-files.xcfilelist",
			);
			runOnlyForDeploymentPostprocessing = 0;
			shellPath = /bin/sh;
			shellScript = "\"${PODS_ROOT}/Target Support Files/Pods-Haloto/Pods-Haloto-frameworks.sh\"\n";
			showEnvVarsInLog = 0;
		};
		AE044919F3F675E1887F7D3A /* [CP] Check Pods Manifest.lock */ = {
			isa = PBXShellScriptBuildPhase;
			buildActionMask = 2147483647;
			files = (
			);
			inputFileListPaths = (
			);
			inputPaths = (
				"${PODS_PODFILE_DIR_PATH}/Podfile.lock",
				"${PODS_ROOT}/Manifest.lock",
			);
			name = "[CP] Check Pods Manifest.lock";
			outputFileListPaths = (
			);
			outputPaths = (
				"$(DERIVED_FILE_DIR)/Pods-Haloto-checkManifestLockResult.txt",
			);
			runOnlyForDeploymentPostprocessing = 0;
			shellPath = /bin/sh;
			shellScript = "diff \"${PODS_PODFILE_DIR_PATH}/Podfile.lock\" \"${PODS_ROOT}/Manifest.lock\" > /dev/null\nif [ $? != 0 ] ; then\n    # print error to STDERR\n    echo \"error: The sandbox is not in sync with the Podfile.lock. Run 'pod install' or update your CocoaPods installation.\" >&2\n    exit 1\nfi\n# This output is used by Xcode 'outputs' to avoid re-running this script phase.\necho \"SUCCESS\" > \"${SCRIPT_OUTPUT_FILE_0}\"\n";
			showEnvVarsInLog = 0;
		};
/* End PBXShellScriptBuildPhase section */

/* Begin PBXSourcesBuildPhase section */
		618802E32727C5F3003F4C6F /* Sources */ = {
			isa = PBXSourcesBuildPhase;
			buildActionMask = 2147483647;
			files = (
				2171C777273543FD001CB1C2 /* UpcomingMaintenanceSection.swift in Sources */,
				B7DD6DCF27339C82007F087B /* Extension+UIImage.swift in Sources */,
				6134E6AB2732D3FB002E7526 /* CellContentListPopUpNode.swift in Sources */,
				F2022767273A256800AF2AF3 /* BottomSheetViewController+Rx.swift in Sources */,
				B7DD6DF42733D8F0007F087B /* ProfileBackgroundCard.swift in Sources */,
				3B6922712735ACDF00847845 /* OneTimePasswordTextField.swift in Sources */,
				61C679E8272F9D21003AFE3F /* TabBarBaseController.swift in Sources */,
				612844732727EB8C00D060AC /* Extension+ObservableType.swift in Sources */,
				F2022777273A2E1100AF2AF3 /* RxSwizzlingInterpose.swift in Sources */,
				F2022761273A24CB00AF2AF3 /* BottomSheetPresentationAnimator.swift in Sources */,
				B7DD6DC927339585007F087B /* ProfileInfoNode.swift in Sources */,
				6198AB2B2735D77D0037A7FD /* ContentConsultPopupNode.swift in Sources */,
				618802EB2727C5F3003F4C6F /* AppDelegate.swift in Sources */,
				61D6A43D2738E6D1003A9ADD /* PaymentReviewHeader.swift in Sources */,
				F202274C273520B100AF2AF3 /* ChipCellNode.swift in Sources */,
				3BC41D3C273A89460008C194 /* SelectNode.swift in Sources */,
				618546D02734DCA100675BB0 /* MaintenanceHistoryCell.swift in Sources */,
				2179490E275F6F690025FF3E /* CarMaintenanceHistory+CoreDataClass.swift in Sources */,
				6163AC4927381AC700E7756E /* UserPaymentReviewViewController.swift in Sources */,
				B7637F70273F8DC1001AD75F /* UserProfileViewModel.swift in Sources */,
				618546D12734DCA100675BB0 /* MaintenanceHistoryDescription.swift in Sources */,
				F27844B0274124E100C8EDE2 /* SignInResponse.swift in Sources */,
				618802ED2727C5F3003F4C6F /* SceneDelegate.swift in Sources */,
				3B09EC29273B9622001E1828 /* PickerBottomSheetViewController.swift in Sources */,
				B764982D27350B45003A90C2 /* EditProfileController.swift in Sources */,
				3BC41D39273A37E70008C194 /* SelectFieldStack.swift in Sources */,
				F202275F273A22DB00AF2AF3 /* BottomSheetViewController.swift in Sources */,
				615CDCC227351C8500967A40 /* ButtonDeleteFilterMaintenanceNode.swift in Sources */,
				B7713BD52731A317007A3824 /* VehicleImageNode.swift in Sources */,
				B74EE7BD2739953E002ED5A5 /* UpcomingMaintenancePanModal.swift in Sources */,
				F202276B273A26C000AF2AF3 /* UIScreen+TransitionSize.swift in Sources */,
				F2022769273A259900AF2AF3 /* UIApplication+BottomSheet.swift in Sources */,
				F2022771273A292300AF2AF3 /* Extension+UINavbar.swift in Sources */,
				B7713BD027319358007A3824 /* ReusableVehicleCell.swift in Sources */,
				217948FC275F6A5C0025FF3E /* CoreDataManager.swift in Sources */,
				F20227462734F0E600AF2AF3 /* WorkshopConsultationCard.swift in Sources */,
				F20227542735526500AF2AF3 /* WorkshopConsultationMainCell.swift in Sources */,
				612844712727EB6C00D060AC /* Extension+UIColor.swift in Sources */,
				F2022763273A24FF00AF2AF3 /* BottomSheetPresentController.swift in Sources */,
				6128446F2727EB3D00D060AC /* Extension+String.swift in Sources */,
				B7561F6D2740D333005CAE51 /* SignUpViewModel.swift in Sources */,
				6163AC522738212600E7756E /* PriceDetailsNode.swift in Sources */,
				6128447D2727EEBF00D060AC /* ExampleViewController.swift in Sources */,
				3BAC159627338E8800D52067 /* LoginViewModel.swift in Sources */,
				F2022773273A2C8100AF2AF3 /* Motion.swift in Sources */,
				F202276F273A288200AF2AF3 /* ScrollTracker.swift in Sources */,
				6128446D2727EAAF00D060AC /* Extension+UIView.swift in Sources */,
				3BAC15992733932E00D52067 /* OTPViewController.swift in Sources */,
				610BA26C275E721D00DA2D57 /* Haloto.xcdatamodeld in Sources */,
				F202274A2734FDEF00AF2AF3 /* Extension+CAGradientLayer.swift in Sources */,
				611726DD2731598F00FC2445 /* HeaderListPopUpNode.swift in Sources */,
				6128449E2727F89600D060AC /* Extension+UIViewController.swift in Sources */,
				B7DD6DC627338FCE007F087B /* UserProfileViewController.swift in Sources */,
				217DD5EA2738EDC100570989 /* MaintenanceHistorySection.swift in Sources */,
				6163AC5427382B1200E7756E /* PaymentMethodNode.swift in Sources */,
				B7DD6DF6273435DA007F087B /* ProfileFinalNode.swift in Sources */,
				3BC41D40273A9A660008C194 /* EntryTextFieldNode.swift in Sources */,
				F28F6D052732437300261BA1 /* Extension+NSAttributedString.swift in Sources */,
				6128447A2727EC5300D060AC /* NetworkProvider.swift in Sources */,
				3BC41D42273AD2800008C194 /* ButtonFieldStack.swift in Sources */,
				6172733B27312EB900DF8F5E /* ListPopupViewController.swift in Sources */,
				F202276D273A278D00AF2AF3 /* Extension+Rx.swift in Sources */,
				618546D32734DCA100675BB0 /* UpcomingMaintenanceDescription.swift in Sources */,
				B713FD30273A515200C83110 /* UpcomingMaintenanceComponentCell.swift in Sources */,
				F20227482734F12A00AF2AF3 /* WorkshopConsultationMainNode.swift in Sources */,
				6198AB242735B3390037A7FD /* ReusableConsultPopUpViewController.swift in Sources */,
				617F6ED72732726E002EBD85 /* Model.swift in Sources */,
				F20227522735455700AF2AF3 /* ConsultViewHeader.swift in Sources */,
				2179490B275F6F690025FF3E /* CarMaintenanceHistory+CoreDataProperties.swift in Sources */,
				2179490C275F6F690025FF3E /* CarVehicle+CoreDataClass.swift in Sources */,
				B74EE7BA27391A16002ED5A5 /* YourCarPanModal.swift in Sources */,
				B7A663C8273CBF1600286E53 /* FilterWorkshopViewController.swift in Sources */,
				2179490D275F6F690025FF3E /* CarVehicle+CoreDataProperties.swift in Sources */,
				F20227562738FCB100AF2AF3 /* ConsultRatingNode.swift in Sources */,
				6128446B2727EA1700D060AC /* CommonHelper.swift in Sources */,
				3BC41D3E273A959D0008C194 /* FormFieldStack.swift in Sources */,
				B7713BD32731944B007A3824 /* VehicleDescriptionNode.swift in Sources */,
				B7713BD7273234F2007A3824 /* AddNewVehicleCellNode.swift in Sources */,
				B764982F27350BE9003A90C2 /* EditProfilePictureNode.swift in Sources */,
				2153EB922734995E000F1830 /* OverviewViewController.swift in Sources */,
				613AD74C273D3F2B0024C75E /* ModelDummy.swift in Sources */,
				F2022765273A253700AF2AF3 /* BottomSheetTransitionDelegate.swift in Sources */,
				618546C42734DC9300675BB0 /* FilterMaintenanceCell.swift in Sources */,
				F2532CD82734E31F00C34AEF /* ChipNode.swift in Sources */,
				F202274F273539E600AF2AF3 /* ConsultViewController.swift in Sources */,
				F202275C273976A100AF2AF3 /* ViewWrapperNode.swift in Sources */,
				B7561F72274107EF005CAE51 /* UserTarget.swift in Sources */,
				61F8ACCF272D547E00B24015 /* ImagePickerHelper.swift in Sources */,
				3BFAED15273250D60024C8C2 /* LoginViewController.swift in Sources */,
				3BAC159B2733A54A00D52067 /* OTPViewModel.swift in Sources */,
				6134E6B12733067F002E7526 /* Extension+CGFloat.swift in Sources */,
				6163AC4D27381CE500E7756E /* PaymentTimerNode.swift in Sources */,
				B7561F7027410724005CAE51 /* UserSignUp.swift in Sources */,
				3BC41D36273A36920008C194 /* AddNewVehicleViewController.swift in Sources */,
				612844782727EBF300D060AC /* Extension+Result.swift in Sources */,
				3B860C132732E0E7007776BB /* FormField.swift in Sources */,
				3BB652262734FAFE0003E861 /* FormCard.swift in Sources */,
				B7713BC727306A70007A3824 /* ReusableSmallButtonNode.swift in Sources */,
				61C679EF272FAC4F003AFE3F /* Enum.swift in Sources */,
				3B860C162732E9C8007776BB /* FormTextField.swift in Sources */,
				6163AC5027381D5A00E7756E /* Extension+Double.swift in Sources */,
				6163AC56273834A100E7756E /* PaymentTotalNode.swift in Sources */,
				61B7EBB72739A0A20032AED8 /* Extension+UITabBarController.swift in Sources */,
				F2022759273915B200AF2AF3 /* StarNode.swift in Sources */,
				F2022775273A2CE500AF2AF3 /* Extension+CALayer.swift in Sources */,
				B7A663CB273CC46300286E53 /* FilterNode.swift in Sources */,
				B7561F7527410E3C005CAE51 /* SignUpUseCase.swift in Sources */,
				F27844B82741359400C8EDE2 /* DefaultManager.swift in Sources */,
				61C679EA272F9D2F003AFE3F /* TabNavigationMenu.swift in Sources */,
				F27844B5274134F800C8EDE2 /* NetworkError.swift in Sources */,
				6134E6AF2732D420002E7526 /* CellSelectedListPopUpNode.swift in Sources */,
				612292B3273A87FA004B3A6F /* TextFieldNode.swift in Sources */,
				F2F5FF83273378FF00E4643C /* StickyChatNode.swift in Sources */,
				618546D42734DCA100675BB0 /* UpcomingMaintenanceCell.swift in Sources */,
				B73C544F2741597900C73ABA /* SignUpViewController.swift in Sources */,
				2171C77527353AC2001CB1C2 /* VehicleSection.swift in Sources */,
				61C679EC272F9D3A003AFE3F /* TabItem.swift in Sources */,
				3B860C192732F29C007776BB /* LoginButton.swift in Sources */,
				F273EF93273CC51D004721B1 /* LoginUseCase.swift in Sources */,
				612844652727E8C100D060AC /* Constant.swift in Sources */,
				B7561F69273FE292005CAE51 /* OverviewViewModel.swift in Sources */,
			);
			runOnlyForDeploymentPostprocessing = 0;
		};
/* End PBXSourcesBuildPhase section */

/* Begin PBXVariantGroup section */
		618802F52727C5F4003F4C6F /* LaunchScreen.storyboard */ = {
			isa = PBXVariantGroup;
			children = (
				618802F62727C5F4003F4C6F /* Base */,
			);
			name = LaunchScreen.storyboard;
			sourceTree = "<group>";
		};
/* End PBXVariantGroup section */

/* Begin XCBuildConfiguration section */
		618802F92727C5F4003F4C6F /* Debug */ = {
			isa = XCBuildConfiguration;
			buildSettings = {
				ALWAYS_SEARCH_USER_PATHS = NO;
				CLANG_ANALYZER_NONNULL = YES;
				CLANG_ANALYZER_NUMBER_OBJECT_CONVERSION = YES_AGGRESSIVE;
				CLANG_CXX_LANGUAGE_STANDARD = "gnu++17";
				CLANG_CXX_LIBRARY = "libc++";
				CLANG_ENABLE_MODULES = YES;
				CLANG_ENABLE_OBJC_ARC = YES;
				CLANG_ENABLE_OBJC_WEAK = YES;
				CLANG_WARN_BLOCK_CAPTURE_AUTORELEASING = YES;
				CLANG_WARN_BOOL_CONVERSION = YES;
				CLANG_WARN_COMMA = YES;
				CLANG_WARN_CONSTANT_CONVERSION = YES;
				CLANG_WARN_DEPRECATED_OBJC_IMPLEMENTATIONS = YES;
				CLANG_WARN_DIRECT_OBJC_ISA_USAGE = YES_ERROR;
				CLANG_WARN_DOCUMENTATION_COMMENTS = YES;
				CLANG_WARN_EMPTY_BODY = YES;
				CLANG_WARN_ENUM_CONVERSION = YES;
				CLANG_WARN_INFINITE_RECURSION = YES;
				CLANG_WARN_INT_CONVERSION = YES;
				CLANG_WARN_NON_LITERAL_NULL_CONVERSION = YES;
				CLANG_WARN_OBJC_IMPLICIT_RETAIN_SELF = YES;
				CLANG_WARN_OBJC_LITERAL_CONVERSION = YES;
				CLANG_WARN_OBJC_ROOT_CLASS = YES_ERROR;
				CLANG_WARN_QUOTED_INCLUDE_IN_FRAMEWORK_HEADER = YES;
				CLANG_WARN_RANGE_LOOP_ANALYSIS = YES;
				CLANG_WARN_STRICT_PROTOTYPES = YES;
				CLANG_WARN_SUSPICIOUS_MOVE = YES;
				CLANG_WARN_UNGUARDED_AVAILABILITY = YES_AGGRESSIVE;
				CLANG_WARN_UNREACHABLE_CODE = YES;
				CLANG_WARN__DUPLICATE_METHOD_MATCH = YES;
				COPY_PHASE_STRIP = NO;
				DEBUG_INFORMATION_FORMAT = dwarf;
				ENABLE_STRICT_OBJC_MSGSEND = YES;
				ENABLE_TESTABILITY = YES;
				GCC_C_LANGUAGE_STANDARD = gnu11;
				GCC_DYNAMIC_NO_PIC = NO;
				GCC_NO_COMMON_BLOCKS = YES;
				GCC_OPTIMIZATION_LEVEL = 0;
				GCC_PREPROCESSOR_DEFINITIONS = (
					"DEBUG=1",
					"$(inherited)",
				);
				GCC_WARN_64_TO_32_BIT_CONVERSION = YES;
				GCC_WARN_ABOUT_RETURN_TYPE = YES_ERROR;
				GCC_WARN_UNDECLARED_SELECTOR = YES;
				GCC_WARN_UNINITIALIZED_AUTOS = YES_AGGRESSIVE;
				GCC_WARN_UNUSED_FUNCTION = YES;
				GCC_WARN_UNUSED_VARIABLE = YES;
				IPHONEOS_DEPLOYMENT_TARGET = 15.0;
				MTL_ENABLE_DEBUG_INFO = INCLUDE_SOURCE;
				MTL_FAST_MATH = YES;
				ONLY_ACTIVE_ARCH = YES;
				SDKROOT = iphoneos;
				SWIFT_ACTIVE_COMPILATION_CONDITIONS = DEBUG;
				SWIFT_OPTIMIZATION_LEVEL = "-Onone";
			};
			name = Debug;
		};
		618802FA2727C5F4003F4C6F /* Release */ = {
			isa = XCBuildConfiguration;
			buildSettings = {
				ALWAYS_SEARCH_USER_PATHS = NO;
				CLANG_ANALYZER_NONNULL = YES;
				CLANG_ANALYZER_NUMBER_OBJECT_CONVERSION = YES_AGGRESSIVE;
				CLANG_CXX_LANGUAGE_STANDARD = "gnu++17";
				CLANG_CXX_LIBRARY = "libc++";
				CLANG_ENABLE_MODULES = YES;
				CLANG_ENABLE_OBJC_ARC = YES;
				CLANG_ENABLE_OBJC_WEAK = YES;
				CLANG_WARN_BLOCK_CAPTURE_AUTORELEASING = YES;
				CLANG_WARN_BOOL_CONVERSION = YES;
				CLANG_WARN_COMMA = YES;
				CLANG_WARN_CONSTANT_CONVERSION = YES;
				CLANG_WARN_DEPRECATED_OBJC_IMPLEMENTATIONS = YES;
				CLANG_WARN_DIRECT_OBJC_ISA_USAGE = YES_ERROR;
				CLANG_WARN_DOCUMENTATION_COMMENTS = YES;
				CLANG_WARN_EMPTY_BODY = YES;
				CLANG_WARN_ENUM_CONVERSION = YES;
				CLANG_WARN_INFINITE_RECURSION = YES;
				CLANG_WARN_INT_CONVERSION = YES;
				CLANG_WARN_NON_LITERAL_NULL_CONVERSION = YES;
				CLANG_WARN_OBJC_IMPLICIT_RETAIN_SELF = YES;
				CLANG_WARN_OBJC_LITERAL_CONVERSION = YES;
				CLANG_WARN_OBJC_ROOT_CLASS = YES_ERROR;
				CLANG_WARN_QUOTED_INCLUDE_IN_FRAMEWORK_HEADER = YES;
				CLANG_WARN_RANGE_LOOP_ANALYSIS = YES;
				CLANG_WARN_STRICT_PROTOTYPES = YES;
				CLANG_WARN_SUSPICIOUS_MOVE = YES;
				CLANG_WARN_UNGUARDED_AVAILABILITY = YES_AGGRESSIVE;
				CLANG_WARN_UNREACHABLE_CODE = YES;
				CLANG_WARN__DUPLICATE_METHOD_MATCH = YES;
				COPY_PHASE_STRIP = NO;
				DEBUG_INFORMATION_FORMAT = "dwarf-with-dsym";
				ENABLE_NS_ASSERTIONS = NO;
				ENABLE_STRICT_OBJC_MSGSEND = YES;
				GCC_C_LANGUAGE_STANDARD = gnu11;
				GCC_NO_COMMON_BLOCKS = YES;
				GCC_WARN_64_TO_32_BIT_CONVERSION = YES;
				GCC_WARN_ABOUT_RETURN_TYPE = YES_ERROR;
				GCC_WARN_UNDECLARED_SELECTOR = YES;
				GCC_WARN_UNINITIALIZED_AUTOS = YES_AGGRESSIVE;
				GCC_WARN_UNUSED_FUNCTION = YES;
				GCC_WARN_UNUSED_VARIABLE = YES;
				IPHONEOS_DEPLOYMENT_TARGET = 15.0;
				MTL_ENABLE_DEBUG_INFO = NO;
				MTL_FAST_MATH = YES;
				SDKROOT = iphoneos;
				SWIFT_COMPILATION_MODE = wholemodule;
				SWIFT_OPTIMIZATION_LEVEL = "-O";
				VALIDATE_PRODUCT = YES;
			};
			name = Release;
		};
		618802FC2727C5F4003F4C6F /* Debug */ = {
			isa = XCBuildConfiguration;
			baseConfigurationReference = 45189E7BD3538C5FCF736331 /* Pods-Haloto.debug.xcconfig */;
			buildSettings = {
				ASSETCATALOG_COMPILER_APPICON_NAME = AppIcon;
				ASSETCATALOG_COMPILER_GLOBAL_ACCENT_COLOR_NAME = AccentColor;
				CODE_SIGN_STYLE = Automatic;
				CURRENT_PROJECT_VERSION = 1;
				DEVELOPMENT_TEAM = J3RR7Q3QN2;
				GENERATE_INFOPLIST_FILE = YES;
				INFOPLIST_FILE = Haloto/Info.plist;
				INFOPLIST_KEY_UIApplicationSupportsIndirectInputEvents = YES;
				INFOPLIST_KEY_UILaunchStoryboardName = LaunchScreen;
				INFOPLIST_KEY_UISupportedInterfaceOrientations = UIInterfaceOrientationPortrait;
				INFOPLIST_KEY_UISupportedInterfaceOrientations_iPad = "UIInterfaceOrientationPortrait UIInterfaceOrientationPortraitUpsideDown UIInterfaceOrientationLandscapeLeft UIInterfaceOrientationLandscapeRight";
				INFOPLIST_KEY_UISupportedInterfaceOrientations_iPhone = "UIInterfaceOrientationPortrait UIInterfaceOrientationLandscapeLeft UIInterfaceOrientationLandscapeRight";
				INFOPLIST_KEY_UIUserInterfaceStyle = Light;
				LD_RUNPATH_SEARCH_PATHS = (
					"$(inherited)",
					"@executable_path/Frameworks",
				);
				MARKETING_VERSION = 1.0;
				PRODUCT_BUNDLE_IDENTIFIER = com.sugarbaby.Haloto;
				PRODUCT_NAME = "$(TARGET_NAME)";
				SWIFT_EMIT_LOC_STRINGS = YES;
				SWIFT_VERSION = 5.0;
				TARGETED_DEVICE_FAMILY = "1,2";
			};
			name = Debug;
		};
		618802FD2727C5F4003F4C6F /* Release */ = {
			isa = XCBuildConfiguration;
			baseConfigurationReference = 3240DF906EE1C6F71C485CA6 /* Pods-Haloto.release.xcconfig */;
			buildSettings = {
				ASSETCATALOG_COMPILER_APPICON_NAME = AppIcon;
				ASSETCATALOG_COMPILER_GLOBAL_ACCENT_COLOR_NAME = AccentColor;
				CODE_SIGN_STYLE = Automatic;
				CURRENT_PROJECT_VERSION = 1;
				DEVELOPMENT_TEAM = J3RR7Q3QN2;
				GENERATE_INFOPLIST_FILE = YES;
				INFOPLIST_FILE = Haloto/Info.plist;
				INFOPLIST_KEY_UIApplicationSupportsIndirectInputEvents = YES;
				INFOPLIST_KEY_UILaunchStoryboardName = LaunchScreen;
				INFOPLIST_KEY_UISupportedInterfaceOrientations = UIInterfaceOrientationPortrait;
				INFOPLIST_KEY_UISupportedInterfaceOrientations_iPad = "UIInterfaceOrientationPortrait UIInterfaceOrientationPortraitUpsideDown UIInterfaceOrientationLandscapeLeft UIInterfaceOrientationLandscapeRight";
				INFOPLIST_KEY_UISupportedInterfaceOrientations_iPhone = "UIInterfaceOrientationPortrait UIInterfaceOrientationLandscapeLeft UIInterfaceOrientationLandscapeRight";
				INFOPLIST_KEY_UIUserInterfaceStyle = Light;
				LD_RUNPATH_SEARCH_PATHS = (
					"$(inherited)",
					"@executable_path/Frameworks",
				);
				MARKETING_VERSION = 1.0;
				PRODUCT_BUNDLE_IDENTIFIER = com.sugarbaby.Haloto;
				PRODUCT_NAME = "$(TARGET_NAME)";
				SWIFT_EMIT_LOC_STRINGS = YES;
				SWIFT_VERSION = 5.0;
				TARGETED_DEVICE_FAMILY = "1,2";
			};
			name = Release;
		};
/* End XCBuildConfiguration section */

/* Begin XCConfigurationList section */
		618802E22727C5F3003F4C6F /* Build configuration list for PBXProject "Haloto" */ = {
			isa = XCConfigurationList;
			buildConfigurations = (
				618802F92727C5F4003F4C6F /* Debug */,
				618802FA2727C5F4003F4C6F /* Release */,
			);
			defaultConfigurationIsVisible = 0;
			defaultConfigurationName = Release;
		};
		618802FB2727C5F4003F4C6F /* Build configuration list for PBXNativeTarget "Haloto" */ = {
			isa = XCConfigurationList;
			buildConfigurations = (
				618802FC2727C5F4003F4C6F /* Debug */,
				618802FD2727C5F4003F4C6F /* Release */,
			);
			defaultConfigurationIsVisible = 0;
			defaultConfigurationName = Release;
		};
/* End XCConfigurationList section */

/* Begin XCVersionGroup section */
		610BA26A275E721D00DA2D57 /* Haloto.xcdatamodeld */ = {
			isa = XCVersionGroup;
			children = (
				610BA26B275E721D00DA2D57 /* Haloto.xcdatamodel */,
			);
			currentVersion = 610BA26B275E721D00DA2D57 /* Haloto.xcdatamodel */;
			path = Haloto.xcdatamodeld;
			sourceTree = "<group>";
			versionGroupType = wrapper.xcdatamodel;
		};
/* End XCVersionGroup section */
	};
	rootObject = 618802DF2727C5F3003F4C6F /* Project object */;
}
